// !$*UTF8*$!
{
	archiveVersion = 1;
	classes = {
	};
	objectVersion = 46;
	objects = {

/* Begin PBXBuildFile section */
		D86F2BD71524F94F00CC8518 /* shout_out.caf in Resources */ = {isa = PBXBuildFile; fileRef = D86F2BD61524F94F00CC8518 /* shout_out.caf */; };
		D8AC1259150DA539009E3BB6 /* UIKit.framework in Frameworks */ = {isa = PBXBuildFile; fileRef = D8AC1258150DA539009E3BB6 /* UIKit.framework */; };
		D8AC125B150DA539009E3BB6 /* Foundation.framework in Frameworks */ = {isa = PBXBuildFile; fileRef = D8AC125A150DA539009E3BB6 /* Foundation.framework */; };
		D8AC125D150DA539009E3BB6 /* CoreGraphics.framework in Frameworks */ = {isa = PBXBuildFile; fileRef = D8AC125C150DA539009E3BB6 /* CoreGraphics.framework */; };
		D8AC1263150DA539009E3BB6 /* InfoPlist.strings in Resources */ = {isa = PBXBuildFile; fileRef = D8AC1261150DA539009E3BB6 /* InfoPlist.strings */; };
		D8AC1265150DA539009E3BB6 /* main.m in Sources */ = {isa = PBXBuildFile; fileRef = D8AC1264150DA539009E3BB6 /* main.m */; };
		D8AC1269150DA539009E3BB6 /* ICFAppDelegate.m in Sources */ = {isa = PBXBuildFile; fileRef = D8AC1268150DA539009E3BB6 /* ICFAppDelegate.m */; };
		D8AC126C150DA539009E3BB6 /* ICFMainViewController.m in Sources */ = {isa = PBXBuildFile; fileRef = D8AC126B150DA539009E3BB6 /* ICFMainViewController.m */; };
		D8AC126F150DA53A009E3BB6 /* ICFFlipsideViewController.m in Sources */ = {isa = PBXBuildFile; fileRef = D8AC126E150DA53A009E3BB6 /* ICFFlipsideViewController.m */; };
		D8AC1272150DA53A009E3BB6 /* ICFMainViewController.xib in Resources */ = {isa = PBXBuildFile; fileRef = D8AC1270150DA53A009E3BB6 /* ICFMainViewController.xib */; };
		D8AC1275150DA53A009E3BB6 /* ICFFlipsideViewController.xib in Resources */ = {isa = PBXBuildFile; fileRef = D8AC1273150DA53A009E3BB6 /* ICFFlipsideViewController.xib */; };
		D8AC129115163BF0009E3BB6 /* AFHTTPClient.m in Sources */ = {isa = PBXBuildFile; fileRef = D8AC127D15163BF0009E3BB6 /* AFHTTPClient.m */; };
		D8AC129215163BF0009E3BB6 /* AFHTTPRequestOperation.m in Sources */ = {isa = PBXBuildFile; fileRef = D8AC127F15163BF0009E3BB6 /* AFHTTPRequestOperation.m */; };
		D8AC129315163BF0009E3BB6 /* AFImageRequestOperation.m in Sources */ = {isa = PBXBuildFile; fileRef = D8AC128115163BF0009E3BB6 /* AFImageRequestOperation.m */; };
		D8AC129415163BF0009E3BB6 /* AFJSONRequestOperation.m in Sources */ = {isa = PBXBuildFile; fileRef = D8AC128315163BF0009E3BB6 /* AFJSONRequestOperation.m */; };
		D8AC129515163BF0009E3BB6 /* AFJSONUtilities.m in Sources */ = {isa = PBXBuildFile; fileRef = D8AC128515163BF0009E3BB6 /* AFJSONUtilities.m */; };
		D8AC129615163BF0009E3BB6 /* AFNetworkActivityIndicatorManager.m in Sources */ = {isa = PBXBuildFile; fileRef = D8AC128715163BF0009E3BB6 /* AFNetworkActivityIndicatorManager.m */; };
		D8AC129715163BF0009E3BB6 /* AFPropertyListRequestOperation.m in Sources */ = {isa = PBXBuildFile; fileRef = D8AC128A15163BF0009E3BB6 /* AFPropertyListRequestOperation.m */; };
		D8AC129815163BF0009E3BB6 /* AFURLConnectionOperation.m in Sources */ = {isa = PBXBuildFile; fileRef = D8AC128C15163BF0009E3BB6 /* AFURLConnectionOperation.m */; };
		D8AC129915163BF0009E3BB6 /* AFXMLRequestOperation.m in Sources */ = {isa = PBXBuildFile; fileRef = D8AC128E15163BF0009E3BB6 /* AFXMLRequestOperation.m */; };
		D8AC129A15163BF0009E3BB6 /* UIImageView+AFNetworking.m in Sources */ = {isa = PBXBuildFile; fileRef = D8AC129015163BF0009E3BB6 /* UIImageView+AFNetworking.m */; };
/* End PBXBuildFile section */

/* Begin PBXFileReference section */
		D86F2BD61524F94F00CC8518 /* shout_out.caf */ = {isa = PBXFileReference; lastKnownFileType = file; path = shout_out.caf; sourceTree = "<group>"; };
		D8AC1254150DA539009E3BB6 /* ShoutOut.app */ = {isa = PBXFileReference; explicitFileType = wrapper.application; includeInIndex = 0; path = ShoutOut.app; sourceTree = BUILT_PRODUCTS_DIR; };
		D8AC1258150DA539009E3BB6 /* UIKit.framework */ = {isa = PBXFileReference; lastKnownFileType = wrapper.framework; name = UIKit.framework; path = System/Library/Frameworks/UIKit.framework; sourceTree = SDKROOT; };
		D8AC125A150DA539009E3BB6 /* Foundation.framework */ = {isa = PBXFileReference; lastKnownFileType = wrapper.framework; name = Foundation.framework; path = System/Library/Frameworks/Foundation.framework; sourceTree = SDKROOT; };
		D8AC125C150DA539009E3BB6 /* CoreGraphics.framework */ = {isa = PBXFileReference; lastKnownFileType = wrapper.framework; name = CoreGraphics.framework; path = System/Library/Frameworks/CoreGraphics.framework; sourceTree = SDKROOT; };
		D8AC1260150DA539009E3BB6 /* ShoutOut-Info.plist */ = {isa = PBXFileReference; lastKnownFileType = text.plist.xml; path = "ShoutOut-Info.plist"; sourceTree = "<group>"; };
		D8AC1262150DA539009E3BB6 /* en */ = {isa = PBXFileReference; lastKnownFileType = text.plist.strings; name = en; path = en.lproj/InfoPlist.strings; sourceTree = "<group>"; };
		D8AC1264150DA539009E3BB6 /* main.m */ = {isa = PBXFileReference; lastKnownFileType = sourcecode.c.objc; path = main.m; sourceTree = "<group>"; };
		D8AC1266150DA539009E3BB6 /* ShoutOut-Prefix.pch */ = {isa = PBXFileReference; lastKnownFileType = sourcecode.c.h; path = "ShoutOut-Prefix.pch"; sourceTree = "<group>"; };
		D8AC1267150DA539009E3BB6 /* ICFAppDelegate.h */ = {isa = PBXFileReference; lastKnownFileType = sourcecode.c.h; path = ICFAppDelegate.h; sourceTree = "<group>"; };
		D8AC1268150DA539009E3BB6 /* ICFAppDelegate.m */ = {isa = PBXFileReference; lastKnownFileType = sourcecode.c.objc; path = ICFAppDelegate.m; sourceTree = "<group>"; };
		D8AC126A150DA539009E3BB6 /* ICFMainViewController.h */ = {isa = PBXFileReference; lastKnownFileType = sourcecode.c.h; path = ICFMainViewController.h; sourceTree = "<group>"; };
		D8AC126B150DA539009E3BB6 /* ICFMainViewController.m */ = {isa = PBXFileReference; lastKnownFileType = sourcecode.c.objc; path = ICFMainViewController.m; sourceTree = "<group>"; };
		D8AC126D150DA53A009E3BB6 /* ICFFlipsideViewController.h */ = {isa = PBXFileReference; lastKnownFileType = sourcecode.c.h; path = ICFFlipsideViewController.h; sourceTree = "<group>"; };
		D8AC126E150DA53A009E3BB6 /* ICFFlipsideViewController.m */ = {isa = PBXFileReference; lastKnownFileType = sourcecode.c.objc; path = ICFFlipsideViewController.m; sourceTree = "<group>"; };
		D8AC1271150DA53A009E3BB6 /* en */ = {isa = PBXFileReference; lastKnownFileType = file.xib; name = en; path = en.lproj/ICFMainViewController.xib; sourceTree = "<group>"; };
		D8AC1274150DA53A009E3BB6 /* en */ = {isa = PBXFileReference; lastKnownFileType = file.xib; name = en; path = en.lproj/ICFFlipsideViewController.xib; sourceTree = "<group>"; };
		D8AC127C15163BF0009E3BB6 /* AFHTTPClient.h */ = {isa = PBXFileReference; fileEncoding = 4; lastKnownFileType = sourcecode.c.h; path = AFHTTPClient.h; sourceTree = "<group>"; };
		D8AC127D15163BF0009E3BB6 /* AFHTTPClient.m */ = {isa = PBXFileReference; fileEncoding = 4; lastKnownFileType = sourcecode.c.objc; path = AFHTTPClient.m; sourceTree = "<group>"; };
		D8AC127E15163BF0009E3BB6 /* AFHTTPRequestOperation.h */ = {isa = PBXFileReference; fileEncoding = 4; lastKnownFileType = sourcecode.c.h; path = AFHTTPRequestOperation.h; sourceTree = "<group>"; };
		D8AC127F15163BF0009E3BB6 /* AFHTTPRequestOperation.m */ = {isa = PBXFileReference; fileEncoding = 4; lastKnownFileType = sourcecode.c.objc; path = AFHTTPRequestOperation.m; sourceTree = "<group>"; };
		D8AC128015163BF0009E3BB6 /* AFImageRequestOperation.h */ = {isa = PBXFileReference; fileEncoding = 4; lastKnownFileType = sourcecode.c.h; path = AFImageRequestOperation.h; sourceTree = "<group>"; };
		D8AC128115163BF0009E3BB6 /* AFImageRequestOperation.m */ = {isa = PBXFileReference; fileEncoding = 4; lastKnownFileType = sourcecode.c.objc; path = AFImageRequestOperation.m; sourceTree = "<group>"; };
		D8AC128215163BF0009E3BB6 /* AFJSONRequestOperation.h */ = {isa = PBXFileReference; fileEncoding = 4; lastKnownFileType = sourcecode.c.h; path = AFJSONRequestOperation.h; sourceTree = "<group>"; };
		D8AC128315163BF0009E3BB6 /* AFJSONRequestOperation.m */ = {isa = PBXFileReference; fileEncoding = 4; lastKnownFileType = sourcecode.c.objc; path = AFJSONRequestOperation.m; sourceTree = "<group>"; };
		D8AC128415163BF0009E3BB6 /* AFJSONUtilities.h */ = {isa = PBXFileReference; fileEncoding = 4; lastKnownFileType = sourcecode.c.h; path = AFJSONUtilities.h; sourceTree = "<group>"; };
		D8AC128515163BF0009E3BB6 /* AFJSONUtilities.m */ = {isa = PBXFileReference; fileEncoding = 4; lastKnownFileType = sourcecode.c.objc; path = AFJSONUtilities.m; sourceTree = "<group>"; };
		D8AC128615163BF0009E3BB6 /* AFNetworkActivityIndicatorManager.h */ = {isa = PBXFileReference; fileEncoding = 4; lastKnownFileType = sourcecode.c.h; path = AFNetworkActivityIndicatorManager.h; sourceTree = "<group>"; };
		D8AC128715163BF0009E3BB6 /* AFNetworkActivityIndicatorManager.m */ = {isa = PBXFileReference; fileEncoding = 4; lastKnownFileType = sourcecode.c.objc; path = AFNetworkActivityIndicatorManager.m; sourceTree = "<group>"; };
		D8AC128815163BF0009E3BB6 /* AFNetworking.h */ = {isa = PBXFileReference; fileEncoding = 4; lastKnownFileType = sourcecode.c.h; path = AFNetworking.h; sourceTree = "<group>"; };
		D8AC128915163BF0009E3BB6 /* AFPropertyListRequestOperation.h */ = {isa = PBXFileReference; fileEncoding = 4; lastKnownFileType = sourcecode.c.h; path = AFPropertyListRequestOperation.h; sourceTree = "<group>"; };
		D8AC128A15163BF0009E3BB6 /* AFPropertyListRequestOperation.m */ = {isa = PBXFileReference; fileEncoding = 4; lastKnownFileType = sourcecode.c.objc; path = AFPropertyListRequestOperation.m; sourceTree = "<group>"; };
		D8AC128B15163BF0009E3BB6 /* AFURLConnectionOperation.h */ = {isa = PBXFileReference; fileEncoding = 4; lastKnownFileType = sourcecode.c.h; path = AFURLConnectionOperation.h; sourceTree = "<group>"; };
		D8AC128C15163BF0009E3BB6 /* AFURLConnectionOperation.m */ = {isa = PBXFileReference; fileEncoding = 4; lastKnownFileType = sourcecode.c.objc; path = AFURLConnectionOperation.m; sourceTree = "<group>"; };
		D8AC128D15163BF0009E3BB6 /* AFXMLRequestOperation.h */ = {isa = PBXFileReference; fileEncoding = 4; lastKnownFileType = sourcecode.c.h; path = AFXMLRequestOperation.h; sourceTree = "<group>"; };
		D8AC128E15163BF0009E3BB6 /* AFXMLRequestOperation.m */ = {isa = PBXFileReference; fileEncoding = 4; lastKnownFileType = sourcecode.c.objc; path = AFXMLRequestOperation.m; sourceTree = "<group>"; };
		D8AC128F15163BF0009E3BB6 /* UIImageView+AFNetworking.h */ = {isa = PBXFileReference; fileEncoding = 4; lastKnownFileType = sourcecode.c.h; path = "UIImageView+AFNetworking.h"; sourceTree = "<group>"; };
		D8AC129015163BF0009E3BB6 /* UIImageView+AFNetworking.m */ = {isa = PBXFileReference; fileEncoding = 4; lastKnownFileType = sourcecode.c.objc; path = "UIImageView+AFNetworking.m"; sourceTree = "<group>"; };
/* End PBXFileReference section */

/* Begin PBXFrameworksBuildPhase section */
		D8AC1251150DA539009E3BB6 /* Frameworks */ = {
			isa = PBXFrameworksBuildPhase;
			buildActionMask = 2147483647;
			files = (
				D8AC1259150DA539009E3BB6 /* UIKit.framework in Frameworks */,
				D8AC125B150DA539009E3BB6 /* Foundation.framework in Frameworks */,
				D8AC125D150DA539009E3BB6 /* CoreGraphics.framework in Frameworks */,
			);
			runOnlyForDeploymentPostprocessing = 0;
		};
/* End PBXFrameworksBuildPhase section */

/* Begin PBXGroup section */
		D8AC1249150DA538009E3BB6 = {
			isa = PBXGroup;
			children = (
				D8AC127B15163BF0009E3BB6 /* AFNetworking */,
				D8AC125E150DA539009E3BB6 /* ShoutOut */,
				D8AC1257150DA539009E3BB6 /* Frameworks */,
				D8AC1255150DA539009E3BB6 /* Products */,
			);
			sourceTree = "<group>";
		};
		D8AC1255150DA539009E3BB6 /* Products */ = {
			isa = PBXGroup;
			children = (
				D8AC1254150DA539009E3BB6 /* ShoutOut.app */,
			);
			name = Products;
			sourceTree = "<group>";
		};
		D8AC1257150DA539009E3BB6 /* Frameworks */ = {
			isa = PBXGroup;
			children = (
				D8AC1258150DA539009E3BB6 /* UIKit.framework */,
				D8AC125A150DA539009E3BB6 /* Foundation.framework */,
				D8AC125C150DA539009E3BB6 /* CoreGraphics.framework */,
			);
			name = Frameworks;
			sourceTree = "<group>";
		};
		D8AC125E150DA539009E3BB6 /* ShoutOut */ = {
			isa = PBXGroup;
			children = (
				D8AC1267150DA539009E3BB6 /* ICFAppDelegate.h */,
				D8AC1268150DA539009E3BB6 /* ICFAppDelegate.m */,
				D8AC126A150DA539009E3BB6 /* ICFMainViewController.h */,
				D8AC126B150DA539009E3BB6 /* ICFMainViewController.m */,
				D8AC1270150DA53A009E3BB6 /* ICFMainViewController.xib */,
				D8AC126D150DA53A009E3BB6 /* ICFFlipsideViewController.h */,
				D8AC126E150DA53A009E3BB6 /* ICFFlipsideViewController.m */,
				D8AC1273150DA53A009E3BB6 /* ICFFlipsideViewController.xib */,
				D86F2BD61524F94F00CC8518 /* shout_out.caf */,
				D8AC125F150DA539009E3BB6 /* Supporting Files */,
			);
			path = ShoutOut;
			sourceTree = "<group>";
		};
		D8AC125F150DA539009E3BB6 /* Supporting Files */ = {
			isa = PBXGroup;
			children = (
				D8AC1260150DA539009E3BB6 /* ShoutOut-Info.plist */,
				D8AC1261150DA539009E3BB6 /* InfoPlist.strings */,
				D8AC1264150DA539009E3BB6 /* main.m */,
				D8AC1266150DA539009E3BB6 /* ShoutOut-Prefix.pch */,
			);
			name = "Supporting Files";
			sourceTree = "<group>";
		};
		D8AC127B15163BF0009E3BB6 /* AFNetworking */ = {
			isa = PBXGroup;
			children = (
				D8AC127C15163BF0009E3BB6 /* AFHTTPClient.h */,
				D8AC127D15163BF0009E3BB6 /* AFHTTPClient.m */,
				D8AC127E15163BF0009E3BB6 /* AFHTTPRequestOperation.h */,
				D8AC127F15163BF0009E3BB6 /* AFHTTPRequestOperation.m */,
				D8AC128015163BF0009E3BB6 /* AFImageRequestOperation.h */,
				D8AC128115163BF0009E3BB6 /* AFImageRequestOperation.m */,
				D8AC128215163BF0009E3BB6 /* AFJSONRequestOperation.h */,
				D8AC128315163BF0009E3BB6 /* AFJSONRequestOperation.m */,
				D8AC128415163BF0009E3BB6 /* AFJSONUtilities.h */,
				D8AC128515163BF0009E3BB6 /* AFJSONUtilities.m */,
				D8AC128615163BF0009E3BB6 /* AFNetworkActivityIndicatorManager.h */,
				D8AC128715163BF0009E3BB6 /* AFNetworkActivityIndicatorManager.m */,
				D8AC128815163BF0009E3BB6 /* AFNetworking.h */,
				D8AC128915163BF0009E3BB6 /* AFPropertyListRequestOperation.h */,
				D8AC128A15163BF0009E3BB6 /* AFPropertyListRequestOperation.m */,
				D8AC128B15163BF0009E3BB6 /* AFURLConnectionOperation.h */,
				D8AC128C15163BF0009E3BB6 /* AFURLConnectionOperation.m */,
				D8AC128D15163BF0009E3BB6 /* AFXMLRequestOperation.h */,
				D8AC128E15163BF0009E3BB6 /* AFXMLRequestOperation.m */,
				D8AC128F15163BF0009E3BB6 /* UIImageView+AFNetworking.h */,
				D8AC129015163BF0009E3BB6 /* UIImageView+AFNetworking.m */,
			);
			name = AFNetworking;
			path = ShoutOut/AFNetworking;
			sourceTree = "<group>";
		};
/* End PBXGroup section */

/* Begin PBXNativeTarget section */
		D8AC1253150DA539009E3BB6 /* ShoutOut */ = {
			isa = PBXNativeTarget;
			buildConfigurationList = D8AC1278150DA53A009E3BB6 /* Build configuration list for PBXNativeTarget "ShoutOut" */;
			buildPhases = (
				D8AC1250150DA539009E3BB6 /* Sources */,
				D8AC1251150DA539009E3BB6 /* Frameworks */,
				D8AC1252150DA539009E3BB6 /* Resources */,
			);
			buildRules = (
			);
			dependencies = (
			);
			name = ShoutOut;
			productName = ShoutOut;
			productReference = D8AC1254150DA539009E3BB6 /* ShoutOut.app */;
			productType = "com.apple.product-type.application";
		};
/* End PBXNativeTarget section */

/* Begin PBXProject section */
		D8AC124B150DA538009E3BB6 /* Project object */ = {
			isa = PBXProject;
			attributes = {
				LastUpgradeCheck = 0420;
				ORGANIZATIONNAME = "Explore Systems, Inc.";
			};
			buildConfigurationList = D8AC124E150DA538009E3BB6 /* Build configuration list for PBXProject "ShoutOut" */;
			compatibilityVersion = "Xcode 3.2";
			developmentRegion = English;
			hasScannedForEncodings = 0;
			knownRegions = (
				en,
			);
			mainGroup = D8AC1249150DA538009E3BB6;
			productRefGroup = D8AC1255150DA539009E3BB6 /* Products */;
			projectDirPath = "";
			projectRoot = "";
			targets = (
				D8AC1253150DA539009E3BB6 /* ShoutOut */,
			);
		};
/* End PBXProject section */

/* Begin PBXResourcesBuildPhase section */
		D8AC1252150DA539009E3BB6 /* Resources */ = {
			isa = PBXResourcesBuildPhase;
			buildActionMask = 2147483647;
			files = (
				D8AC1263150DA539009E3BB6 /* InfoPlist.strings in Resources */,
				D8AC1272150DA53A009E3BB6 /* ICFMainViewController.xib in Resources */,
				D8AC1275150DA53A009E3BB6 /* ICFFlipsideViewController.xib in Resources */,
				D86F2BD71524F94F00CC8518 /* shout_out.caf in Resources */,
			);
			runOnlyForDeploymentPostprocessing = 0;
		};
/* End PBXResourcesBuildPhase section */

/* Begin PBXSourcesBuildPhase section */
		D8AC1250150DA539009E3BB6 /* Sources */ = {
			isa = PBXSourcesBuildPhase;
			buildActionMask = 2147483647;
			files = (
				D8AC1265150DA539009E3BB6 /* main.m in Sources */,
				D8AC1269150DA539009E3BB6 /* ICFAppDelegate.m in Sources */,
				D8AC126C150DA539009E3BB6 /* ICFMainViewController.m in Sources */,
				D8AC126F150DA53A009E3BB6 /* ICFFlipsideViewController.m in Sources */,
				D8AC129115163BF0009E3BB6 /* AFHTTPClient.m in Sources */,
				D8AC129215163BF0009E3BB6 /* AFHTTPRequestOperation.m in Sources */,
				D8AC129315163BF0009E3BB6 /* AFImageRequestOperation.m in Sources */,
				D8AC129415163BF0009E3BB6 /* AFJSONRequestOperation.m in Sources */,
				D8AC129515163BF0009E3BB6 /* AFJSONUtilities.m in Sources */,
				D8AC129615163BF0009E3BB6 /* AFNetworkActivityIndicatorManager.m in Sources */,
				D8AC129715163BF0009E3BB6 /* AFPropertyListRequestOperation.m in Sources */,
				D8AC129815163BF0009E3BB6 /* AFURLConnectionOperation.m in Sources */,
				D8AC129915163BF0009E3BB6 /* AFXMLRequestOperation.m in Sources */,
				D8AC129A15163BF0009E3BB6 /* UIImageView+AFNetworking.m in Sources */,
			);
			runOnlyForDeploymentPostprocessing = 0;
		};
/* End PBXSourcesBuildPhase section */

/* Begin PBXVariantGroup section */
		D8AC1261150DA539009E3BB6 /* InfoPlist.strings */ = {
			isa = PBXVariantGroup;
			children = (
				D8AC1262150DA539009E3BB6 /* en */,
			);
			name = InfoPlist.strings;
			sourceTree = "<group>";
		};
		D8AC1270150DA53A009E3BB6 /* ICFMainViewController.xib */ = {
			isa = PBXVariantGroup;
			children = (
				D8AC1271150DA53A009E3BB6 /* en */,
			);
			name = ICFMainViewController.xib;
			sourceTree = "<group>";
		};
		D8AC1273150DA53A009E3BB6 /* ICFFlipsideViewController.xib */ = {
			isa = PBXVariantGroup;
			children = (
				D8AC1274150DA53A009E3BB6 /* en */,
			);
			name = ICFFlipsideViewController.xib;
			sourceTree = "<group>";
		};
/* End PBXVariantGroup section */

/* Begin XCBuildConfiguration section */
		D8AC1276150DA53A009E3BB6 /* Debug */ = {
			isa = XCBuildConfiguration;
			buildSettings = {
				ALWAYS_SEARCH_USER_PATHS = NO;
				ARCHS = "$(ARCHS_STANDARD_32_BIT)";
				"CODE_SIGN_IDENTITY[sdk=iphoneos*]" = "iPhone Developer: Joe Keeley (QR85ZW44A6)";
				COPY_PHASE_STRIP = NO;
				GCC_C_LANGUAGE_STANDARD = gnu99;
				GCC_DYNAMIC_NO_PIC = NO;
				GCC_OPTIMIZATION_LEVEL = 0;
				GCC_PREPROCESSOR_DEFINITIONS = (
					"DEBUG=1",
					"$(inherited)",
				);
				GCC_SYMBOLS_PRIVATE_EXTERN = NO;
				GCC_VERSION = com.apple.compilers.llvm.clang.1_0;
				GCC_WARN_ABOUT_MISSING_PROTOTYPES = YES;
				GCC_WARN_ABOUT_RETURN_TYPE = YES;
				GCC_WARN_UNUSED_VARIABLE = YES;
				IPHONEOS_DEPLOYMENT_TARGET = 5.0;
				"PROVISIONING_PROFILE[sdk=iphoneos*]" = "C9B92173-9DA4-4B57-B798-E855AFCD7330";
				SDKROOT = iphoneos;
			};
			name = Debug;
		};
		D8AC1277150DA53A009E3BB6 /* Release */ = {
			isa = XCBuildConfiguration;
			buildSettings = {
				ALWAYS_SEARCH_USER_PATHS = NO;
				ARCHS = "$(ARCHS_STANDARD_32_BIT)";
				"CODE_SIGN_IDENTITY[sdk=iphoneos*]" = "iPhone Developer";
				COPY_PHASE_STRIP = YES;
				GCC_C_LANGUAGE_STANDARD = gnu99;
				GCC_VERSION = com.apple.compilers.llvm.clang.1_0;
				GCC_WARN_ABOUT_MISSING_PROTOTYPES = YES;
				GCC_WARN_ABOUT_RETURN_TYPE = YES;
				GCC_WARN_UNUSED_VARIABLE = YES;
				IPHONEOS_DEPLOYMENT_TARGET = 5.0;
				OTHER_CFLAGS = "-DNS_BLOCK_ASSERTIONS=1";
				SDKROOT = iphoneos;
				VALIDATE_PRODUCT = YES;
			};
			name = Release;
		};
		D8AC1279150DA53A009E3BB6 /* Debug */ = {
			isa = XCBuildConfiguration;
			buildSettings = {
				GCC_PRECOMPILE_PREFIX_HEADER = YES;
				GCC_PREFIX_HEADER = "ShoutOut/ShoutOut-Prefix.pch";
				INFOPLIST_FILE = "ShoutOut/ShoutOut-Info.plist";
				PRODUCT_NAME = "$(TARGET_NAME)";
				"PROVISIONING_PROFILE[sdk=iphoneos*]" = "531CDDF5-1750-4589-82A5-E602D663A192";
				WRAPPER_EXTENSION = app;
			};
			name = Debug;
		};
		D8AC127A150DA53A009E3BB6 /* Release */ = {
			isa = XCBuildConfiguration;
			buildSettings = {
				GCC_PRECOMPILE_PREFIX_HEADER = YES;
				GCC_PREFIX_HEADER = "ShoutOut/ShoutOut-Prefix.pch";
				INFOPLIST_FILE = "ShoutOut/ShoutOut-Info.plist";
				PRODUCT_NAME = "$(TARGET_NAME)";
				WRAPPER_EXTENSION = app;
			};
			name = Release;
		};
/* End XCBuildConfiguration section */

/* Begin XCConfigurationList section */
		D8AC124E150DA538009E3BB6 /* Build configuration list for PBXProject "ShoutOut" */ = {
			isa = XCConfigurationList;
			buildConfigurations = (
				D8AC1276150DA53A009E3BB6 /* Debug */,
				D8AC1277150DA53A009E3BB6 /* Release */,
			);
			defaultConfigurationIsVisible = 0;
			defaultConfigurationName = Release;
		};
		D8AC1278150DA53A009E3BB6 /* Build configuration list for PBXNativeTarget "ShoutOut" */ = {
			isa = XCConfigurationList;
			buildConfigurations = (
				D8AC1279150DA53A009E3BB6 /* Debug */,
				D8AC127A150DA53A009E3BB6 /* Release */,
			);
			defaultConfigurationIsVisible = 0;
			defaultConfigurationName = Release;
		};
/* End XCConfigurationList section */
	};
	rootObject = D8AC124B150DA538009E3BB6 /* Project object */;
}
