// !$*UTF8*$!
{
	archiveVersion = 1;
	classes = {
	};
	objectVersion = 46;
	objects = {

/* Begin PBXBuildFile section */
		273BE4A01529FEC600DD8880 /* UIKit.framework in Frameworks */ = {isa = PBXBuildFile; fileRef = 273BE49F1529FEC600DD8880 /* UIKit.framework */; };
		273BE4A21529FEC600DD8880 /* Foundation.framework in Frameworks */ = {isa = PBXBuildFile; fileRef = 273BE4A11529FEC600DD8880 /* Foundation.framework */; };
		273BE4A41529FEC600DD8880 /* CoreGraphics.framework in Frameworks */ = {isa = PBXBuildFile; fileRef = 273BE4A31529FEC600DD8880 /* CoreGraphics.framework */; };
		273BE4AA1529FEC600DD8880 /* InfoPlist.strings in Resources */ = {isa = PBXBuildFile; fileRef = 273BE4A81529FEC600DD8880 /* InfoPlist.strings */; };
		273BE4AC1529FEC600DD8880 /* main.m in Sources */ = {isa = PBXBuildFile; fileRef = 273BE4AB1529FEC600DD8880 /* main.m */; };
		273BE4B01529FEC600DD8880 /* ICFAppDelegate.m in Sources */ = {isa = PBXBuildFile; fileRef = 273BE4AF1529FEC600DD8880 /* ICFAppDelegate.m */; };
		273BE4B31529FEC600DD8880 /* ICFFirstViewController.m in Sources */ = {isa = PBXBuildFile; fileRef = 273BE4B21529FEC600DD8880 /* ICFFirstViewController.m */; };
		273BE4B51529FEC600DD8880 /* first.png in Resources */ = {isa = PBXBuildFile; fileRef = 273BE4B41529FEC600DD8880 /* first.png */; };
		273BE4B71529FEC600DD8880 /* first@2x.png in Resources */ = {isa = PBXBuildFile; fileRef = 273BE4B61529FEC600DD8880 /* first@2x.png */; };
		273BE4BA1529FEC600DD8880 /* ICFSecondViewController.m in Sources */ = {isa = PBXBuildFile; fileRef = 273BE4B91529FEC600DD8880 /* ICFSecondViewController.m */; };
		273BE4BC1529FEC600DD8880 /* second.png in Resources */ = {isa = PBXBuildFile; fileRef = 273BE4BB1529FEC600DD8880 /* second.png */; };
		273BE4BE1529FEC600DD8880 /* second@2x.png in Resources */ = {isa = PBXBuildFile; fileRef = 273BE4BD1529FEC600DD8880 /* second@2x.png */; };
		273BE4C11529FEC600DD8880 /* ICFFirstViewController.xib in Resources */ = {isa = PBXBuildFile; fileRef = 273BE4BF1529FEC600DD8880 /* ICFFirstViewController.xib */; };
		273BE4C41529FEC600DD8880 /* ICFSecondViewController.xib in Resources */ = {isa = PBXBuildFile; fileRef = 273BE4C21529FEC600DD8880 /* ICFSecondViewController.xib */; };
		2765559A177FC1E50014C302 /* Default-568h@2x.png in Resources */ = {isa = PBXBuildFile; fileRef = 27655599177FC1E50014C302 /* Default-568h@2x.png */; };
		279AF350152A3220005AE901 /* QuartzCore.framework in Frameworks */ = {isa = PBXBuildFile; fileRef = 279AF34F152A3220005AE901 /* QuartzCore.framework */; };
/* End PBXBuildFile section */

/* Begin PBXFileReference section */
		273BE49B1529FEC600DD8880 /* Print.app */ = {isa = PBXFileReference; explicitFileType = wrapper.application; includeInIndex = 0; path = Print.app; sourceTree = BUILT_PRODUCTS_DIR; };
		273BE49F1529FEC600DD8880 /* UIKit.framework */ = {isa = PBXFileReference; lastKnownFileType = wrapper.framework; name = UIKit.framework; path = System/Library/Frameworks/UIKit.framework; sourceTree = SDKROOT; };
		273BE4A11529FEC600DD8880 /* Foundation.framework */ = {isa = PBXFileReference; lastKnownFileType = wrapper.framework; name = Foundation.framework; path = System/Library/Frameworks/Foundation.framework; sourceTree = SDKROOT; };
		273BE4A31529FEC600DD8880 /* CoreGraphics.framework */ = {isa = PBXFileReference; lastKnownFileType = wrapper.framework; name = CoreGraphics.framework; path = System/Library/Frameworks/CoreGraphics.framework; sourceTree = SDKROOT; };
		273BE4A71529FEC600DD8880 /* Print-Info.plist */ = {isa = PBXFileReference; lastKnownFileType = text.plist.xml; path = "Print-Info.plist"; sourceTree = "<group>"; };
		273BE4A91529FEC600DD8880 /* en */ = {isa = PBXFileReference; lastKnownFileType = text.plist.strings; name = en; path = en.lproj/InfoPlist.strings; sourceTree = "<group>"; };
		273BE4AB1529FEC600DD8880 /* main.m */ = {isa = PBXFileReference; lastKnownFileType = sourcecode.c.objc; path = main.m; sourceTree = "<group>"; };
		273BE4AD1529FEC600DD8880 /* Print-Prefix.pch */ = {isa = PBXFileReference; lastKnownFileType = sourcecode.c.h; path = "Print-Prefix.pch"; sourceTree = "<group>"; };
		273BE4AE1529FEC600DD8880 /* ICFAppDelegate.h */ = {isa = PBXFileReference; lastKnownFileType = sourcecode.c.h; path = ICFAppDelegate.h; sourceTree = "<group>"; };
		273BE4AF1529FEC600DD8880 /* ICFAppDelegate.m */ = {isa = PBXFileReference; lastKnownFileType = sourcecode.c.objc; path = ICFAppDelegate.m; sourceTree = "<group>"; };
		273BE4B11529FEC600DD8880 /* ICFFirstViewController.h */ = {isa = PBXFileReference; lastKnownFileType = sourcecode.c.h; path = ICFFirstViewController.h; sourceTree = "<group>"; };
		273BE4B21529FEC600DD8880 /* ICFFirstViewController.m */ = {isa = PBXFileReference; lastKnownFileType = sourcecode.c.objc; path = ICFFirstViewController.m; sourceTree = "<group>"; };
		273BE4B41529FEC600DD8880 /* first.png */ = {isa = PBXFileReference; lastKnownFileType = image.png; path = first.png; sourceTree = "<group>"; };
		273BE4B61529FEC600DD8880 /* first@2x.png */ = {isa = PBXFileReference; lastKnownFileType = image.png; path = "first@2x.png"; sourceTree = "<group>"; };
		273BE4B81529FEC600DD8880 /* ICFSecondViewController.h */ = {isa = PBXFileReference; lastKnownFileType = sourcecode.c.h; path = ICFSecondViewController.h; sourceTree = "<group>"; };
		273BE4B91529FEC600DD8880 /* ICFSecondViewController.m */ = {isa = PBXFileReference; lastKnownFileType = sourcecode.c.objc; path = ICFSecondViewController.m; sourceTree = "<group>"; };
		273BE4BB1529FEC600DD8880 /* second.png */ = {isa = PBXFileReference; lastKnownFileType = image.png; path = second.png; sourceTree = "<group>"; };
		273BE4BD1529FEC600DD8880 /* second@2x.png */ = {isa = PBXFileReference; lastKnownFileType = image.png; path = "second@2x.png"; sourceTree = "<group>"; };
		273BE4C01529FEC600DD8880 /* en */ = {isa = PBXFileReference; lastKnownFileType = file.xib; name = en; path = en.lproj/ICFFirstViewController.xib; sourceTree = "<group>"; };
		273BE4C31529FEC600DD8880 /* en */ = {isa = PBXFileReference; lastKnownFileType = file.xib; name = en; path = en.lproj/ICFSecondViewController.xib; sourceTree = "<group>"; };
		27655599177FC1E50014C302 /* Default-568h@2x.png */ = {isa = PBXFileReference; lastKnownFileType = image.png; path = "Default-568h@2x.png"; sourceTree = "<group>"; };
		279AF34F152A3220005AE901 /* QuartzCore.framework */ = {isa = PBXFileReference; lastKnownFileType = wrapper.framework; name = QuartzCore.framework; path = System/Library/Frameworks/QuartzCore.framework; sourceTree = SDKROOT; };
/* End PBXFileReference section */

/* Begin PBXFrameworksBuildPhase section */
		273BE4981529FEC600DD8880 /* Frameworks */ = {
			isa = PBXFrameworksBuildPhase;
			buildActionMask = 2147483647;
			files = (
				279AF350152A3220005AE901 /* QuartzCore.framework in Frameworks */,
				273BE4A01529FEC600DD8880 /* UIKit.framework in Frameworks */,
				273BE4A21529FEC600DD8880 /* Foundation.framework in Frameworks */,
				273BE4A41529FEC600DD8880 /* CoreGraphics.framework in Frameworks */,
			);
			runOnlyForDeploymentPostprocessing = 0;
		};
/* End PBXFrameworksBuildPhase section */

/* Begin PBXGroup section */
		273BE4901529FEC500DD8880 = {
			isa = PBXGroup;
			children = (
				27655599177FC1E50014C302 /* Default-568h@2x.png */,
				273BE4A51529FEC600DD8880 /* Print */,
				273BE49E1529FEC600DD8880 /* Frameworks */,
				273BE49C1529FEC600DD8880 /* Products */,
			);
			sourceTree = "<group>";
		};
		273BE49C1529FEC600DD8880 /* Products */ = {
			isa = PBXGroup;
			children = (
				273BE49B1529FEC600DD8880 /* Print.app */,
			);
			name = Products;
			sourceTree = "<group>";
		};
		273BE49E1529FEC600DD8880 /* Frameworks */ = {
			isa = PBXGroup;
			children = (
				279AF34F152A3220005AE901 /* QuartzCore.framework */,
				273BE49F1529FEC600DD8880 /* UIKit.framework */,
				273BE4A11529FEC600DD8880 /* Foundation.framework */,
				273BE4A31529FEC600DD8880 /* CoreGraphics.framework */,
			);
			name = Frameworks;
			sourceTree = "<group>";
		};
		273BE4A51529FEC600DD8880 /* Print */ = {
			isa = PBXGroup;
			children = (
				273BE4AE1529FEC600DD8880 /* ICFAppDelegate.h */,
				273BE4AF1529FEC600DD8880 /* ICFAppDelegate.m */,
				273BE4B11529FEC600DD8880 /* ICFFirstViewController.h */,
				273BE4B21529FEC600DD8880 /* ICFFirstViewController.m */,
				273BE4BF1529FEC600DD8880 /* ICFFirstViewController.xib */,
				273BE4B41529FEC600DD8880 /* first.png */,
				273BE4B61529FEC600DD8880 /* first@2x.png */,
				273BE4B81529FEC600DD8880 /* ICFSecondViewController.h */,
				273BE4B91529FEC600DD8880 /* ICFSecondViewController.m */,
				273BE4C21529FEC600DD8880 /* ICFSecondViewController.xib */,
				273BE4BB1529FEC600DD8880 /* second.png */,
				273BE4BD1529FEC600DD8880 /* second@2x.png */,
				273BE4A61529FEC600DD8880 /* Supporting Files */,
			);
			path = Print;
			sourceTree = "<group>";
		};
		273BE4A61529FEC600DD8880 /* Supporting Files */ = {
			isa = PBXGroup;
			children = (
				273BE4A71529FEC600DD8880 /* Print-Info.plist */,
				273BE4A81529FEC600DD8880 /* InfoPlist.strings */,
				273BE4AB1529FEC600DD8880 /* main.m */,
				273BE4AD1529FEC600DD8880 /* Print-Prefix.pch */,
			);
			name = "Supporting Files";
			sourceTree = "<group>";
		};
/* End PBXGroup section */

/* Begin PBXNativeTarget section */
		273BE49A1529FEC600DD8880 /* Print */ = {
			isa = PBXNativeTarget;
			buildConfigurationList = 273BE4C71529FEC600DD8880 /* Build configuration list for PBXNativeTarget "Print" */;
			buildPhases = (
				273BE4971529FEC600DD8880 /* Sources */,
				273BE4981529FEC600DD8880 /* Frameworks */,
				273BE4991529FEC600DD8880 /* Resources */,
			);
			buildRules = (
			);
			dependencies = (
			);
			name = Print;
			productName = Print;
			productReference = 273BE49B1529FEC600DD8880 /* Print.app */;
			productType = "com.apple.product-type.application";
		};
/* End PBXNativeTarget section */

/* Begin PBXProject section */
		273BE4921529FEC500DD8880 /* Project object */ = {
			isa = PBXProject;
			attributes = {
				LastUpgradeCheck = 0420;
				ORGANIZATIONNAME = "Dragon Forged Software";
			};
			buildConfigurationList = 273BE4951529FEC500DD8880 /* Build configuration list for PBXProject "Print" */;
			compatibilityVersion = "Xcode 3.2";
			developmentRegion = English;
			hasScannedForEncodings = 0;
			knownRegions = (
				en,
			);
			mainGroup = 273BE4901529FEC500DD8880;
			productRefGroup = 273BE49C1529FEC600DD8880 /* Products */;
			projectDirPath = "";
			projectRoot = "";
			targets = (
				273BE49A1529FEC600DD8880 /* Print */,
			);
		};
/* End PBXProject section */

/* Begin PBXResourcesBuildPhase section */
		273BE4991529FEC600DD8880 /* Resources */ = {
			isa = PBXResourcesBuildPhase;
			buildActionMask = 2147483647;
			files = (
				273BE4AA1529FEC600DD8880 /* InfoPlist.strings in Resources */,
				273BE4B51529FEC600DD8880 /* first.png in Resources */,
				273BE4B71529FEC600DD8880 /* first@2x.png in Resources */,
				273BE4BC1529FEC600DD8880 /* second.png in Resources */,
				273BE4BE1529FEC600DD8880 /* second@2x.png in Resources */,
				2765559A177FC1E50014C302 /* Default-568h@2x.png in Resources */,
				273BE4C11529FEC600DD8880 /* ICFFirstViewController.xib in Resources */,
				273BE4C41529FEC600DD8880 /* ICFSecondViewController.xib in Resources */,
			);
			runOnlyForDeploymentPostprocessing = 0;
		};
/* End PBXResourcesBuildPhase section */

/* Begin PBXSourcesBuildPhase section */
		273BE4971529FEC600DD8880 /* Sources */ = {
			isa = PBXSourcesBuildPhase;
			buildActionMask = 2147483647;
			files = (
				273BE4AC1529FEC600DD8880 /* main.m in Sources */,
				273BE4B01529FEC600DD8880 /* ICFAppDelegate.m in Sources */,
				273BE4B31529FEC600DD8880 /* ICFFirstViewController.m in Sources */,
				273BE4BA1529FEC600DD8880 /* ICFSecondViewController.m in Sources */,
			);
			runOnlyForDeploymentPostprocessing = 0;
		};
/* End PBXSourcesBuildPhase section */

/* Begin PBXVariantGroup section */
		273BE4A81529FEC600DD8880 /* InfoPlist.strings */ = {
			isa = PBXVariantGroup;
			children = (
				273BE4A91529FEC600DD8880 /* en */,
			);
			name = InfoPlist.strings;
			sourceTree = "<group>";
		};
		273BE4BF1529FEC600DD8880 /* ICFFirstViewController.xib */ = {
			isa = PBXVariantGroup;
			children = (
				273BE4C01529FEC600DD8880 /* en */,
			);
			name = ICFFirstViewController.xib;
			sourceTree = "<group>";
		};
		273BE4C21529FEC600DD8880 /* ICFSecondViewController.xib */ = {
			isa = PBXVariantGroup;
			children = (
				273BE4C31529FEC600DD8880 /* en */,
			);
			name = ICFSecondViewController.xib;
			sourceTree = "<group>";
		};
/* End PBXVariantGroup section */

/* Begin XCBuildConfiguration section */
		273BE4C51529FEC600DD8880 /* Debug */ = {
			isa = XCBuildConfiguration;
			buildSettings = {
				ALWAYS_SEARCH_USER_PATHS = NO;
				ARCHS = "$(ARCHS_STANDARD_32_BIT)";
				"CODE_SIGN_IDENTITY[sdk=iphoneos*]" = "iPhone Developer";
				COPY_PHASE_STRIP = NO;
				GCC_C_LANGUAGE_STANDARD = gnu99;
				GCC_DYNAMIC_NO_PIC = NO;
				GCC_OPTIMIZATION_LEVEL = 0;
				GCC_PREPROCESSOR_DEFINITIONS = (
					"DEBUG=1",
					"$(inherited)",
				);
				GCC_SYMBOLS_PRIVATE_EXTERN = NO;
				GCC_VERSION = com.apple.compilers.llvm.clang.1_0;
				GCC_WARN_ABOUT_MISSING_PROTOTYPES = YES;
				GCC_WARN_ABOUT_RETURN_TYPE = YES;
				GCC_WARN_UNUSED_VARIABLE = YES;
				IPHONEOS_DEPLOYMENT_TARGET = 5.0;
				SDKROOT = iphoneos;
			};
			name = Debug;
		};
		273BE4C61529FEC600DD8880 /* Release */ = {
			isa = XCBuildConfiguration;
			buildSettings = {
				ALWAYS_SEARCH_USER_PATHS = NO;
				ARCHS = "$(ARCHS_STANDARD_32_BIT)";
				"CODE_SIGN_IDENTITY[sdk=iphoneos*]" = "iPhone Developer";
				COPY_PHASE_STRIP = YES;
				GCC_C_LANGUAGE_STANDARD = gnu99;
				GCC_VERSION = com.apple.compilers.llvm.clang.1_0;
				GCC_WARN_ABOUT_MISSING_PROTOTYPES = YES;
				GCC_WARN_ABOUT_RETURN_TYPE = YES;
				GCC_WARN_UNUSED_VARIABLE = YES;
				IPHONEOS_DEPLOYMENT_TARGET = 5.0;
				OTHER_CFLAGS = "-DNS_BLOCK_ASSERTIONS=1";
				SDKROOT = iphoneos;
				VALIDATE_PRODUCT = YES;
			};
			name = Release;
		};
		273BE4C81529FEC600DD8880 /* Debug */ = {
			isa = XCBuildConfiguration;
			buildSettings = {
				GCC_PRECOMPILE_PREFIX_HEADER = YES;
				GCC_PREFIX_HEADER = "Print/Print-Prefix.pch";
				INFOPLIST_FILE = "Print/Print-Info.plist";
				PRODUCT_NAME = "$(TARGET_NAME)";
				WRAPPER_EXTENSION = app;
			};
			name = Debug;
		};
		273BE4C91529FEC600DD8880 /* Release */ = {
			isa = XCBuildConfiguration;
			buildSettings = {
				GCC_PRECOMPILE_PREFIX_HEADER = YES;
				GCC_PREFIX_HEADER = "Print/Print-Prefix.pch";
				INFOPLIST_FILE = "Print/Print-Info.plist";
				PRODUCT_NAME = "$(TARGET_NAME)";
				WRAPPER_EXTENSION = app;
			};
			name = Release;
		};
/* End XCBuildConfiguration section */

/* Begin XCConfigurationList section */
		273BE4951529FEC500DD8880 /* Build configuration list for PBXProject "Print" */ = {
			isa = XCConfigurationList;
			buildConfigurations = (
				273BE4C51529FEC600DD8880 /* Debug */,
				273BE4C61529FEC600DD8880 /* Release */,
			);
			defaultConfigurationIsVisible = 0;
			defaultConfigurationName = Release;
		};
		273BE4C71529FEC600DD8880 /* Build configuration list for PBXNativeTarget "Print" */ = {
			isa = XCConfigurationList;
			buildConfigurations = (
				273BE4C81529FEC600DD8880 /* Debug */,
				273BE4C91529FEC600DD8880 /* Release */,
			);
			defaultConfigurationIsVisible = 0;
			defaultConfigurationName = Release;
		};
/* End XCConfigurationList section */
	};
	rootObject = 273BE4921529FEC500DD8880 /* Project object */;
}
