// !$*UTF8*$!
{
	archiveVersion = 1;
	classes = {
	};
	objectVersion = 46;
	objects = {

/* Begin PBXBuildFile section */
		D80BD137167CF52B0066EA6A /* book_cover.png in Resources */ = {isa = PBXBuildFile; fileRef = D80BD136167CF52B0066EA6A /* book_cover.png */; };
		D80BD13A167D27D80066EA6A /* 16_audio.mp3 in Resources */ = {isa = PBXBuildFile; fileRef = D80BD139167D27D80066EA6A /* 16_audio.mp3 */; };
		D8CCC30C16617A71005B7D3E /* UIKit.framework in Frameworks */ = {isa = PBXBuildFile; fileRef = D8CCC30B16617A71005B7D3E /* UIKit.framework */; };
		D8CCC30E16617A71005B7D3E /* Foundation.framework in Frameworks */ = {isa = PBXBuildFile; fileRef = D8CCC30D16617A71005B7D3E /* Foundation.framework */; };
		D8CCC31016617A71005B7D3E /* CoreGraphics.framework in Frameworks */ = {isa = PBXBuildFile; fileRef = D8CCC30F16617A71005B7D3E /* CoreGraphics.framework */; };
		D8CCC31616617A71005B7D3E /* InfoPlist.strings in Resources */ = {isa = PBXBuildFile; fileRef = D8CCC31416617A71005B7D3E /* InfoPlist.strings */; };
		D8CCC31816617A71005B7D3E /* main.m in Sources */ = {isa = PBXBuildFile; fileRef = D8CCC31716617A71005B7D3E /* main.m */; };
		D8CCC31C16617A71005B7D3E /* ICFAppDelegate.m in Sources */ = {isa = PBXBuildFile; fileRef = D8CCC31B16617A71005B7D3E /* ICFAppDelegate.m */; };
		D8CCC31E16617A71005B7D3E /* Default.png in Resources */ = {isa = PBXBuildFile; fileRef = D8CCC31D16617A71005B7D3E /* Default.png */; };
		D8CCC32016617A71005B7D3E /* Default@2x.png in Resources */ = {isa = PBXBuildFile; fileRef = D8CCC31F16617A71005B7D3E /* Default@2x.png */; };
		D8CCC32216617A71005B7D3E /* Default-568h@2x.png in Resources */ = {isa = PBXBuildFile; fileRef = D8CCC32116617A71005B7D3E /* Default-568h@2x.png */; };
		D8CCC32516617A71005B7D3E /* MainStoryboard.storyboard in Resources */ = {isa = PBXBuildFile; fileRef = D8CCC32316617A71005B7D3E /* MainStoryboard.storyboard */; };
		D8CCC32816617A71005B7D3E /* ICFViewController.m in Sources */ = {isa = PBXBuildFile; fileRef = D8CCC32716617A71005B7D3E /* ICFViewController.m */; };
		D8CCC3371661869F005B7D3E /* AVFoundation.framework in Frameworks */ = {isa = PBXBuildFile; fileRef = D8CCC3361661869F005B7D3E /* AVFoundation.framework */; };
		D8CCC339166186AD005B7D3E /* MediaPlayer.framework in Frameworks */ = {isa = PBXBuildFile; fileRef = D8CCC338166186AC005B7D3E /* MediaPlayer.framework */; };
/* End PBXBuildFile section */

/* Begin PBXFileReference section */
		D80BD136167CF52B0066EA6A /* book_cover.png */ = {isa = PBXFileReference; lastKnownFileType = image.png; path = book_cover.png; sourceTree = "<group>"; };
		D80BD139167D27D80066EA6A /* 16_audio.mp3 */ = {isa = PBXFileReference; lastKnownFileType = audio.mp3; path = 16_audio.mp3; sourceTree = "<group>"; };
		D8CCC30716617A71005B7D3E /* BackgroundTasks.app */ = {isa = PBXFileReference; explicitFileType = wrapper.application; includeInIndex = 0; path = BackgroundTasks.app; sourceTree = BUILT_PRODUCTS_DIR; };
		D8CCC30B16617A71005B7D3E /* UIKit.framework */ = {isa = PBXFileReference; lastKnownFileType = wrapper.framework; name = UIKit.framework; path = System/Library/Frameworks/UIKit.framework; sourceTree = SDKROOT; };
		D8CCC30D16617A71005B7D3E /* Foundation.framework */ = {isa = PBXFileReference; lastKnownFileType = wrapper.framework; name = Foundation.framework; path = System/Library/Frameworks/Foundation.framework; sourceTree = SDKROOT; };
		D8CCC30F16617A71005B7D3E /* CoreGraphics.framework */ = {isa = PBXFileReference; lastKnownFileType = wrapper.framework; name = CoreGraphics.framework; path = System/Library/Frameworks/CoreGraphics.framework; sourceTree = SDKROOT; };
		D8CCC31316617A71005B7D3E /* BackgroundTasks-Info.plist */ = {isa = PBXFileReference; lastKnownFileType = text.plist.xml; path = "BackgroundTasks-Info.plist"; sourceTree = "<group>"; };
		D8CCC31516617A71005B7D3E /* en */ = {isa = PBXFileReference; lastKnownFileType = text.plist.strings; name = en; path = en.lproj/InfoPlist.strings; sourceTree = "<group>"; };
		D8CCC31716617A71005B7D3E /* main.m */ = {isa = PBXFileReference; lastKnownFileType = sourcecode.c.objc; path = main.m; sourceTree = "<group>"; };
		D8CCC31916617A71005B7D3E /* BackgroundTasks-Prefix.pch */ = {isa = PBXFileReference; lastKnownFileType = sourcecode.c.h; path = "BackgroundTasks-Prefix.pch"; sourceTree = "<group>"; };
		D8CCC31A16617A71005B7D3E /* ICFAppDelegate.h */ = {isa = PBXFileReference; lastKnownFileType = sourcecode.c.h; path = ICFAppDelegate.h; sourceTree = "<group>"; };
		D8CCC31B16617A71005B7D3E /* ICFAppDelegate.m */ = {isa = PBXFileReference; lastKnownFileType = sourcecode.c.objc; path = ICFAppDelegate.m; sourceTree = "<group>"; };
		D8CCC31D16617A71005B7D3E /* Default.png */ = {isa = PBXFileReference; lastKnownFileType = image.png; path = Default.png; sourceTree = "<group>"; };
		D8CCC31F16617A71005B7D3E /* Default@2x.png */ = {isa = PBXFileReference; lastKnownFileType = image.png; path = "Default@2x.png"; sourceTree = "<group>"; };
		D8CCC32116617A71005B7D3E /* Default-568h@2x.png */ = {isa = PBXFileReference; lastKnownFileType = image.png; path = "Default-568h@2x.png"; sourceTree = "<group>"; };
		D8CCC32416617A71005B7D3E /* en */ = {isa = PBXFileReference; lastKnownFileType = file.storyboard; name = en; path = en.lproj/MainStoryboard.storyboard; sourceTree = "<group>"; };
		D8CCC32616617A71005B7D3E /* ICFViewController.h */ = {isa = PBXFileReference; lastKnownFileType = sourcecode.c.h; path = ICFViewController.h; sourceTree = "<group>"; };
		D8CCC32716617A71005B7D3E /* ICFViewController.m */ = {isa = PBXFileReference; lastKnownFileType = sourcecode.c.objc; path = ICFViewController.m; sourceTree = "<group>"; };
		D8CCC3361661869F005B7D3E /* AVFoundation.framework */ = {isa = PBXFileReference; lastKnownFileType = wrapper.framework; name = AVFoundation.framework; path = System/Library/Frameworks/AVFoundation.framework; sourceTree = SDKROOT; };
		D8CCC338166186AC005B7D3E /* MediaPlayer.framework */ = {isa = PBXFileReference; lastKnownFileType = wrapper.framework; name = MediaPlayer.framework; path = System/Library/Frameworks/MediaPlayer.framework; sourceTree = SDKROOT; };
/* End PBXFileReference section */

/* Begin PBXFrameworksBuildPhase section */
		D8CCC30416617A71005B7D3E /* Frameworks */ = {
			isa = PBXFrameworksBuildPhase;
			buildActionMask = 2147483647;
			files = (
				D8CCC339166186AD005B7D3E /* MediaPlayer.framework in Frameworks */,
				D8CCC3371661869F005B7D3E /* AVFoundation.framework in Frameworks */,
				D8CCC30C16617A71005B7D3E /* UIKit.framework in Frameworks */,
				D8CCC30E16617A71005B7D3E /* Foundation.framework in Frameworks */,
				D8CCC31016617A71005B7D3E /* CoreGraphics.framework in Frameworks */,
			);
			runOnlyForDeploymentPostprocessing = 0;
		};
/* End PBXFrameworksBuildPhase section */

/* Begin PBXGroup section */
		D8CCC2FC16617A71005B7D3E = {
			isa = PBXGroup;
			children = (
				D8CCC31116617A71005B7D3E /* BackgroundTasks */,
				D8CCC30A16617A71005B7D3E /* Frameworks */,
				D8CCC30816617A71005B7D3E /* Products */,
			);
			sourceTree = "<group>";
		};
		D8CCC30816617A71005B7D3E /* Products */ = {
			isa = PBXGroup;
			children = (
				D8CCC30716617A71005B7D3E /* BackgroundTasks.app */,
			);
			name = Products;
			sourceTree = "<group>";
		};
		D8CCC30A16617A71005B7D3E /* Frameworks */ = {
			isa = PBXGroup;
			children = (
				D8CCC30B16617A71005B7D3E /* UIKit.framework */,
				D8CCC30D16617A71005B7D3E /* Foundation.framework */,
				D8CCC30F16617A71005B7D3E /* CoreGraphics.framework */,
				D8CCC3361661869F005B7D3E /* AVFoundation.framework */,
				D8CCC338166186AC005B7D3E /* MediaPlayer.framework */,
			);
			name = Frameworks;
			sourceTree = "<group>";
		};
		D8CCC31116617A71005B7D3E /* BackgroundTasks */ = {
			isa = PBXGroup;
			children = (
				D8CCC31A16617A71005B7D3E /* ICFAppDelegate.h */,
				D8CCC31B16617A71005B7D3E /* ICFAppDelegate.m */,
				D8CCC32316617A71005B7D3E /* MainStoryboard.storyboard */,
				D8CCC32616617A71005B7D3E /* ICFViewController.h */,
				D8CCC32716617A71005B7D3E /* ICFViewController.m */,
				D80BD136167CF52B0066EA6A /* book_cover.png */,
				D80BD139167D27D80066EA6A /* 16_audio.mp3 */,
				D8CCC31216617A71005B7D3E /* Supporting Files */,
			);
			path = BackgroundTasks;
			sourceTree = "<group>";
		};
		D8CCC31216617A71005B7D3E /* Supporting Files */ = {
			isa = PBXGroup;
			children = (
				D8CCC31316617A71005B7D3E /* BackgroundTasks-Info.plist */,
				D8CCC31416617A71005B7D3E /* InfoPlist.strings */,
				D8CCC31716617A71005B7D3E /* main.m */,
				D8CCC31916617A71005B7D3E /* BackgroundTasks-Prefix.pch */,
				D8CCC31D16617A71005B7D3E /* Default.png */,
				D8CCC31F16617A71005B7D3E /* Default@2x.png */,
				D8CCC32116617A71005B7D3E /* Default-568h@2x.png */,
			);
			name = "Supporting Files";
			sourceTree = "<group>";
		};
/* End PBXGroup section */

/* Begin PBXNativeTarget section */
		D8CCC30616617A71005B7D3E /* BackgroundTasks */ = {
			isa = PBXNativeTarget;
			buildConfigurationList = D8CCC32B16617A71005B7D3E /* Build configuration list for PBXNativeTarget "BackgroundTasks" */;
			buildPhases = (
				D8CCC30316617A71005B7D3E /* Sources */,
				D8CCC30416617A71005B7D3E /* Frameworks */,
				D8CCC30516617A71005B7D3E /* Resources */,
			);
			buildRules = (
			);
			dependencies = (
			);
			name = BackgroundTasks;
			productName = BackgroundTasks;
			productReference = D8CCC30716617A71005B7D3E /* BackgroundTasks.app */;
			productType = "com.apple.product-type.application";
		};
/* End PBXNativeTarget section */

/* Begin PBXProject section */
		D8CCC2FE16617A71005B7D3E /* Project object */ = {
			isa = PBXProject;
			attributes = {
				CLASSPREFIX = ICF;
				LastUpgradeCheck = 0450;
				ORGANIZATIONNAME = "Joe Keeley";
			};
			buildConfigurationList = D8CCC30116617A71005B7D3E /* Build configuration list for PBXProject "BackgroundTasks" */;
			compatibilityVersion = "Xcode 3.2";
			developmentRegion = English;
			hasScannedForEncodings = 0;
			knownRegions = (
				en,
			);
			mainGroup = D8CCC2FC16617A71005B7D3E;
			productRefGroup = D8CCC30816617A71005B7D3E /* Products */;
			projectDirPath = "";
			projectRoot = "";
			targets = (
				D8CCC30616617A71005B7D3E /* BackgroundTasks */,
			);
		};
/* End PBXProject section */

/* Begin PBXResourcesBuildPhase section */
		D8CCC30516617A71005B7D3E /* Resources */ = {
			isa = PBXResourcesBuildPhase;
			buildActionMask = 2147483647;
			files = (
				D8CCC31616617A71005B7D3E /* InfoPlist.strings in Resources */,
				D8CCC31E16617A71005B7D3E /* Default.png in Resources */,
				D8CCC32016617A71005B7D3E /* Default@2x.png in Resources */,
				D8CCC32216617A71005B7D3E /* Default-568h@2x.png in Resources */,
				D8CCC32516617A71005B7D3E /* MainStoryboard.storyboard in Resources */,
				D80BD137167CF52B0066EA6A /* book_cover.png in Resources */,
				D80BD13A167D27D80066EA6A /* 16_audio.mp3 in Resources */,
			);
			runOnlyForDeploymentPostprocessing = 0;
		};
/* End PBXResourcesBuildPhase section */

/* Begin PBXSourcesBuildPhase section */
		D8CCC30316617A71005B7D3E /* Sources */ = {
			isa = PBXSourcesBuildPhase;
			buildActionMask = 2147483647;
			files = (
				D8CCC31816617A71005B7D3E /* main.m in Sources */,
				D8CCC31C16617A71005B7D3E /* ICFAppDelegate.m in Sources */,
				D8CCC32816617A71005B7D3E /* ICFViewController.m in Sources */,
			);
			runOnlyForDeploymentPostprocessing = 0;
		};
/* End PBXSourcesBuildPhase section */

/* Begin PBXVariantGroup section */
		D8CCC31416617A71005B7D3E /* InfoPlist.strings */ = {
			isa = PBXVariantGroup;
			children = (
				D8CCC31516617A71005B7D3E /* en */,
			);
			name = InfoPlist.strings;
			sourceTree = "<group>";
		};
		D8CCC32316617A71005B7D3E /* MainStoryboard.storyboard */ = {
			isa = PBXVariantGroup;
			children = (
				D8CCC32416617A71005B7D3E /* en */,
			);
			name = MainStoryboard.storyboard;
			sourceTree = "<group>";
		};
/* End PBXVariantGroup section */

/* Begin XCBuildConfiguration section */
		D8CCC32916617A71005B7D3E /* Debug */ = {
			isa = XCBuildConfiguration;
			buildSettings = {
				ALWAYS_SEARCH_USER_PATHS = NO;
				CLANG_CXX_LANGUAGE_STANDARD = "gnu++0x";
				CLANG_CXX_LIBRARY = "libc++";
				CLANG_ENABLE_OBJC_ARC = YES;
				CLANG_WARN_EMPTY_BODY = YES;
				CLANG_WARN__DUPLICATE_METHOD_MATCH = YES;
				"CODE_SIGN_IDENTITY[sdk=iphoneos*]" = "iPhone Developer";
				COPY_PHASE_STRIP = NO;
				GCC_C_LANGUAGE_STANDARD = gnu99;
				GCC_DYNAMIC_NO_PIC = NO;
				GCC_OPTIMIZATION_LEVEL = 0;
				GCC_PREPROCESSOR_DEFINITIONS = (
					"DEBUG=1",
					"$(inherited)",
				);
				GCC_SYMBOLS_PRIVATE_EXTERN = NO;
				GCC_WARN_ABOUT_RETURN_TYPE = YES;
				GCC_WARN_UNINITIALIZED_AUTOS = YES;
				GCC_WARN_UNUSED_VARIABLE = YES;
				IPHONEOS_DEPLOYMENT_TARGET = 6.0;
				ONLY_ACTIVE_ARCH = YES;
				SDKROOT = iphoneos;
			};
			name = Debug;
		};
		D8CCC32A16617A71005B7D3E /* Release */ = {
			isa = XCBuildConfiguration;
			buildSettings = {
				ALWAYS_SEARCH_USER_PATHS = NO;
				CLANG_CXX_LANGUAGE_STANDARD = "gnu++0x";
				CLANG_CXX_LIBRARY = "libc++";
				CLANG_ENABLE_OBJC_ARC = YES;
				CLANG_WARN_EMPTY_BODY = YES;
				CLANG_WARN__DUPLICATE_METHOD_MATCH = YES;
				"CODE_SIGN_IDENTITY[sdk=iphoneos*]" = "iPhone Developer";
				COPY_PHASE_STRIP = YES;
				GCC_C_LANGUAGE_STANDARD = gnu99;
				GCC_WARN_ABOUT_RETURN_TYPE = YES;
				GCC_WARN_UNINITIALIZED_AUTOS = YES;
				GCC_WARN_UNUSED_VARIABLE = YES;
				IPHONEOS_DEPLOYMENT_TARGET = 6.0;
				OTHER_CFLAGS = "-DNS_BLOCK_ASSERTIONS=1";
				SDKROOT = iphoneos;
				VALIDATE_PRODUCT = YES;
			};
			name = Release;
		};
		D8CCC32C16617A71005B7D3E /* Debug */ = {
			isa = XCBuildConfiguration;
			buildSettings = {
				GCC_PRECOMPILE_PREFIX_HEADER = YES;
				GCC_PREFIX_HEADER = "BackgroundTasks/BackgroundTasks-Prefix.pch";
				INFOPLIST_FILE = "BackgroundTasks/BackgroundTasks-Info.plist";
				PRODUCT_NAME = "$(TARGET_NAME)";
				WRAPPER_EXTENSION = app;
			};
			name = Debug;
		};
		D8CCC32D16617A71005B7D3E /* Release */ = {
			isa = XCBuildConfiguration;
			buildSettings = {
				GCC_PRECOMPILE_PREFIX_HEADER = YES;
				GCC_PREFIX_HEADER = "BackgroundTasks/BackgroundTasks-Prefix.pch";
				INFOPLIST_FILE = "BackgroundTasks/BackgroundTasks-Info.plist";
				PRODUCT_NAME = "$(TARGET_NAME)";
				WRAPPER_EXTENSION = app;
			};
			name = Release;
		};
/* End XCBuildConfiguration section */

/* Begin XCConfigurationList section */
		D8CCC30116617A71005B7D3E /* Build configuration list for PBXProject "BackgroundTasks" */ = {
			isa = XCConfigurationList;
			buildConfigurations = (
				D8CCC32916617A71005B7D3E /* Debug */,
				D8CCC32A16617A71005B7D3E /* Release */,
			);
			defaultConfigurationIsVisible = 0;
			defaultConfigurationName = Release;
		};
		D8CCC32B16617A71005B7D3E /* Build configuration list for PBXNativeTarget "BackgroundTasks" */ = {
			isa = XCConfigurationList;
			buildConfigurations = (
				D8CCC32C16617A71005B7D3E /* Debug */,
				D8CCC32D16617A71005B7D3E /* Release */,
			);
			defaultConfigurationIsVisible = 0;
			defaultConfigurationName = Release;
		};
/* End XCConfigurationList section */
	};
	rootObject = D8CCC2FE16617A71005B7D3E /* Project object */;
}
