// !$*UTF8*$!
{
	archiveVersion = 1;
	classes = {
	};
	objectVersion = 46;
	objects = {

/* Begin PBXBuildFile section */
		D80BD1AE16AE5C710066EA6A /* UIKit.framework in Frameworks */ = {isa = PBXBuildFile; fileRef = D80BD1AD16AE5C710066EA6A /* UIKit.framework */; };
		D80BD1B016AE5C710066EA6A /* Foundation.framework in Frameworks */ = {isa = PBXBuildFile; fileRef = D80BD1AF16AE5C710066EA6A /* Foundation.framework */; };
		D80BD1B216AE5C710066EA6A /* CoreGraphics.framework in Frameworks */ = {isa = PBXBuildFile; fileRef = D80BD1B116AE5C710066EA6A /* CoreGraphics.framework */; };
		D80BD1B816AE5C710066EA6A /* InfoPlist.strings in Resources */ = {isa = PBXBuildFile; fileRef = D80BD1B616AE5C710066EA6A /* InfoPlist.strings */; };
		D80BD1BA16AE5C710066EA6A /* main.m in Sources */ = {isa = PBXBuildFile; fileRef = D80BD1B916AE5C710066EA6A /* main.m */; };
		D80BD1BE16AE5C710066EA6A /* ICFAppDelegate.m in Sources */ = {isa = PBXBuildFile; fileRef = D80BD1BD16AE5C710066EA6A /* ICFAppDelegate.m */; };
		D80BD1C016AE5C710066EA6A /* Default.png in Resources */ = {isa = PBXBuildFile; fileRef = D80BD1BF16AE5C710066EA6A /* Default.png */; };
		D80BD1C216AE5C710066EA6A /* Default@2x.png in Resources */ = {isa = PBXBuildFile; fileRef = D80BD1C116AE5C710066EA6A /* Default@2x.png */; };
		D80BD1C416AE5C710066EA6A /* Default-568h@2x.png in Resources */ = {isa = PBXBuildFile; fileRef = D80BD1C316AE5C710066EA6A /* Default-568h@2x.png */; };
		D80BD1C716AE5C710066EA6A /* MainStoryboard.storyboard in Resources */ = {isa = PBXBuildFile; fileRef = D80BD1C516AE5C710066EA6A /* MainStoryboard.storyboard */; };
		D80BD1CA16AE5C710066EA6A /* ICFMainViewController.m in Sources */ = {isa = PBXBuildFile; fileRef = D80BD1C916AE5C710066EA6A /* ICFMainViewController.m */; };
		D80BD1D416AE5E3D0066EA6A /* MapKit.framework in Frameworks */ = {isa = PBXBuildFile; fileRef = D80BD1D316AE5E3D0066EA6A /* MapKit.framework */; };
		D80BD1E016B0E3690066EA6A /* ICFLocationManager.m in Sources */ = {isa = PBXBuildFile; fileRef = D80BD1DF16B0E3690066EA6A /* ICFLocationManager.m */; };
		D80BD1E216B0E3A00066EA6A /* CoreLocation.framework in Frameworks */ = {isa = PBXBuildFile; fileRef = D80BD1E116B0E3A00066EA6A /* CoreLocation.framework */; };
		D80BD1EB16B2D8F80066EA6A /* CoreData.framework in Frameworks */ = {isa = PBXBuildFile; fileRef = D80BD1EA16B2D8F80066EA6A /* CoreData.framework */; };
		D80BD1EE16B2DA010066EA6A /* FavoritePlaces.xcdatamodeld in Sources */ = {isa = PBXBuildFile; fileRef = D80BD1EC16B2DA010066EA6A /* FavoritePlaces.xcdatamodeld */; };
		D80BD1F116B2DB1E0066EA6A /* ICFDataStarter.m in Sources */ = {isa = PBXBuildFile; fileRef = D80BD1F016B2DB1E0066EA6A /* ICFDataStarter.m */; };
		D80BD1F516B43A030066EA6A /* ICFFavoritePlace.m in Sources */ = {isa = PBXBuildFile; fileRef = D80BD1F416B43A020066EA6A /* ICFFavoritePlace.m */; };
		D80BD1FF16B49B5B0066EA6A /* annotation_view_star.png in Resources */ = {isa = PBXBuildFile; fileRef = D80BD1FB16B49B590066EA6A /* annotation_view_star.png */; };
		D80BD20016B49B5B0066EA6A /* annotation_view_star@2x.png in Resources */ = {isa = PBXBuildFile; fileRef = D80BD1FC16B49B5A0066EA6A /* annotation_view_star@2x.png */; };
		D80BD20116B49B5B0066EA6A /* map_star.png in Resources */ = {isa = PBXBuildFile; fileRef = D80BD1FD16B49B5A0066EA6A /* map_star.png */; };
		D80BD20216B49B5B0066EA6A /* map_star@2x.png in Resources */ = {isa = PBXBuildFile; fileRef = D80BD1FE16B49B5B0066EA6A /* map_star@2x.png */; };
		D80BD20A16B5800C0066EA6A /* next_arrow.png in Resources */ = {isa = PBXBuildFile; fileRef = D80BD20816B5800C0066EA6A /* next_arrow.png */; };
		D80BD20B16B5800C0066EA6A /* next_arrow@2x.png in Resources */ = {isa = PBXBuildFile; fileRef = D80BD20916B5800C0066EA6A /* next_arrow@2x.png */; };
		D80BD20E16B584A30066EA6A /* annotation_view_arrow.png in Resources */ = {isa = PBXBuildFile; fileRef = D80BD20C16B584A30066EA6A /* annotation_view_arrow.png */; };
		D80BD20F16B584A30066EA6A /* annotation_view_arrow@2x.png in Resources */ = {isa = PBXBuildFile; fileRef = D80BD20D16B584A30066EA6A /* annotation_view_arrow@2x.png */; };
		D80BD21216B5C8710066EA6A /* ICFFavoritePlaceViewController.m in Sources */ = {isa = PBXBuildFile; fileRef = D80BD21116B5C8700066EA6A /* ICFFavoritePlaceViewController.m */; };
		D8C33B6216D201EA00A509D2 /* FavoritePlaces.sqlite in Resources */ = {isa = PBXBuildFile; fileRef = D8C33B6116D201E900A509D2 /* FavoritePlaces.sqlite */; };
/* End PBXBuildFile section */

/* Begin PBXFileReference section */
		D80BD1A916AE5C710066EA6A /* FavoritePlaces.app */ = {isa = PBXFileReference; explicitFileType = wrapper.application; includeInIndex = 0; path = FavoritePlaces.app; sourceTree = BUILT_PRODUCTS_DIR; };
		D80BD1AD16AE5C710066EA6A /* UIKit.framework */ = {isa = PBXFileReference; lastKnownFileType = wrapper.framework; name = UIKit.framework; path = System/Library/Frameworks/UIKit.framework; sourceTree = SDKROOT; };
		D80BD1AF16AE5C710066EA6A /* Foundation.framework */ = {isa = PBXFileReference; lastKnownFileType = wrapper.framework; name = Foundation.framework; path = System/Library/Frameworks/Foundation.framework; sourceTree = SDKROOT; };
		D80BD1B116AE5C710066EA6A /* CoreGraphics.framework */ = {isa = PBXFileReference; lastKnownFileType = wrapper.framework; name = CoreGraphics.framework; path = System/Library/Frameworks/CoreGraphics.framework; sourceTree = SDKROOT; };
		D80BD1B516AE5C710066EA6A /* FavoritePlaces-Info.plist */ = {isa = PBXFileReference; lastKnownFileType = text.plist.xml; path = "FavoritePlaces-Info.plist"; sourceTree = "<group>"; };
		D80BD1B716AE5C710066EA6A /* en */ = {isa = PBXFileReference; lastKnownFileType = text.plist.strings; name = en; path = en.lproj/InfoPlist.strings; sourceTree = "<group>"; };
		D80BD1B916AE5C710066EA6A /* main.m */ = {isa = PBXFileReference; lastKnownFileType = sourcecode.c.objc; path = main.m; sourceTree = "<group>"; };
		D80BD1BB16AE5C710066EA6A /* FavoritePlaces-Prefix.pch */ = {isa = PBXFileReference; lastKnownFileType = sourcecode.c.h; path = "FavoritePlaces-Prefix.pch"; sourceTree = "<group>"; };
		D80BD1BC16AE5C710066EA6A /* ICFAppDelegate.h */ = {isa = PBXFileReference; lastKnownFileType = sourcecode.c.h; path = ICFAppDelegate.h; sourceTree = "<group>"; };
		D80BD1BD16AE5C710066EA6A /* ICFAppDelegate.m */ = {isa = PBXFileReference; lastKnownFileType = sourcecode.c.objc; path = ICFAppDelegate.m; sourceTree = "<group>"; };
		D80BD1BF16AE5C710066EA6A /* Default.png */ = {isa = PBXFileReference; lastKnownFileType = image.png; path = Default.png; sourceTree = "<group>"; };
		D80BD1C116AE5C710066EA6A /* Default@2x.png */ = {isa = PBXFileReference; lastKnownFileType = image.png; path = "Default@2x.png"; sourceTree = "<group>"; };
		D80BD1C316AE5C710066EA6A /* Default-568h@2x.png */ = {isa = PBXFileReference; lastKnownFileType = image.png; path = "Default-568h@2x.png"; sourceTree = "<group>"; };
		D80BD1C616AE5C710066EA6A /* en */ = {isa = PBXFileReference; lastKnownFileType = file.storyboard; name = en; path = en.lproj/MainStoryboard.storyboard; sourceTree = "<group>"; };
		D80BD1C816AE5C710066EA6A /* ICFMainViewController.h */ = {isa = PBXFileReference; lastKnownFileType = sourcecode.c.h; path = ICFMainViewController.h; sourceTree = "<group>"; };
		D80BD1C916AE5C710066EA6A /* ICFMainViewController.m */ = {isa = PBXFileReference; lastKnownFileType = sourcecode.c.objc; path = ICFMainViewController.m; sourceTree = "<group>"; };
		D80BD1D316AE5E3D0066EA6A /* MapKit.framework */ = {isa = PBXFileReference; lastKnownFileType = wrapper.framework; name = MapKit.framework; path = System/Library/Frameworks/MapKit.framework; sourceTree = SDKROOT; };
		D80BD1DE16B0E3690066EA6A /* ICFLocationManager.h */ = {isa = PBXFileReference; fileEncoding = 4; lastKnownFileType = sourcecode.c.h; path = ICFLocationManager.h; sourceTree = "<group>"; };
		D80BD1DF16B0E3690066EA6A /* ICFLocationManager.m */ = {isa = PBXFileReference; fileEncoding = 4; lastKnownFileType = sourcecode.c.objc; path = ICFLocationManager.m; sourceTree = "<group>"; };
		D80BD1E116B0E3A00066EA6A /* CoreLocation.framework */ = {isa = PBXFileReference; lastKnownFileType = wrapper.framework; name = CoreLocation.framework; path = System/Library/Frameworks/CoreLocation.framework; sourceTree = SDKROOT; };
		D80BD1EA16B2D8F80066EA6A /* CoreData.framework */ = {isa = PBXFileReference; lastKnownFileType = wrapper.framework; name = CoreData.framework; path = System/Library/Frameworks/CoreData.framework; sourceTree = SDKROOT; };
		D80BD1ED16B2DA010066EA6A /* FavoritePlaces.xcdatamodel */ = {isa = PBXFileReference; lastKnownFileType = wrapper.xcdatamodel; path = FavoritePlaces.xcdatamodel; sourceTree = "<group>"; };
		D80BD1EF16B2DB1E0066EA6A /* ICFDataStarter.h */ = {isa = PBXFileReference; fileEncoding = 4; lastKnownFileType = sourcecode.c.h; path = ICFDataStarter.h; sourceTree = "<group>"; };
		D80BD1F016B2DB1E0066EA6A /* ICFDataStarter.m */ = {isa = PBXFileReference; fileEncoding = 4; lastKnownFileType = sourcecode.c.objc; path = ICFDataStarter.m; sourceTree = "<group>"; };
		D80BD1F216B2DEFB0066EA6A /* DMNS.gpx */ = {isa = PBXFileReference; lastKnownFileType = text.xml; path = DMNS.gpx; sourceTree = "<group>"; };
		D80BD1F316B43A020066EA6A /* ICFFavoritePlace.h */ = {isa = PBXFileReference; fileEncoding = 4; lastKnownFileType = sourcecode.c.h; path = ICFFavoritePlace.h; sourceTree = "<group>"; };
		D80BD1F416B43A020066EA6A /* ICFFavoritePlace.m */ = {isa = PBXFileReference; fileEncoding = 4; lastKnownFileType = sourcecode.c.objc; path = ICFFavoritePlace.m; sourceTree = "<group>"; };
		D80BD1FB16B49B590066EA6A /* annotation_view_star.png */ = {isa = PBXFileReference; lastKnownFileType = image.png; path = annotation_view_star.png; sourceTree = "<group>"; };
		D80BD1FC16B49B5A0066EA6A /* annotation_view_star@2x.png */ = {isa = PBXFileReference; lastKnownFileType = image.png; path = "annotation_view_star@2x.png"; sourceTree = "<group>"; };
		D80BD1FD16B49B5A0066EA6A /* map_star.png */ = {isa = PBXFileReference; lastKnownFileType = image.png; path = map_star.png; sourceTree = "<group>"; };
		D80BD1FE16B49B5B0066EA6A /* map_star@2x.png */ = {isa = PBXFileReference; lastKnownFileType = image.png; path = "map_star@2x.png"; sourceTree = "<group>"; };
		D80BD20816B5800C0066EA6A /* next_arrow.png */ = {isa = PBXFileReference; lastKnownFileType = image.png; path = next_arrow.png; sourceTree = "<group>"; };
		D80BD20916B5800C0066EA6A /* next_arrow@2x.png */ = {isa = PBXFileReference; lastKnownFileType = image.png; path = "next_arrow@2x.png"; sourceTree = "<group>"; };
		D80BD20C16B584A30066EA6A /* annotation_view_arrow.png */ = {isa = PBXFileReference; lastKnownFileType = image.png; path = annotation_view_arrow.png; sourceTree = "<group>"; };
		D80BD20D16B584A30066EA6A /* annotation_view_arrow@2x.png */ = {isa = PBXFileReference; lastKnownFileType = image.png; path = "annotation_view_arrow@2x.png"; sourceTree = "<group>"; };
		D80BD21016B5C8700066EA6A /* ICFFavoritePlaceViewController.h */ = {isa = PBXFileReference; fileEncoding = 4; lastKnownFileType = sourcecode.c.h; path = ICFFavoritePlaceViewController.h; sourceTree = "<group>"; };
		D80BD21116B5C8700066EA6A /* ICFFavoritePlaceViewController.m */ = {isa = PBXFileReference; fileEncoding = 4; lastKnownFileType = sourcecode.c.objc; path = ICFFavoritePlaceViewController.m; sourceTree = "<group>"; };
		D80BD21316B630D30066EA6A /* Denver Art Museum.gpx */ = {isa = PBXFileReference; lastKnownFileType = text.xml; path = "Denver Art Museum.gpx"; sourceTree = "<group>"; };
		D8C33B6116D201E900A509D2 /* FavoritePlaces.sqlite */ = {isa = PBXFileReference; lastKnownFileType = file; path = FavoritePlaces.sqlite; sourceTree = "<group>"; };
/* End PBXFileReference section */

/* Begin PBXFrameworksBuildPhase section */
		D80BD1A616AE5C710066EA6A /* Frameworks */ = {
			isa = PBXFrameworksBuildPhase;
			buildActionMask = 2147483647;
			files = (
				D80BD1EB16B2D8F80066EA6A /* CoreData.framework in Frameworks */,
				D80BD1E216B0E3A00066EA6A /* CoreLocation.framework in Frameworks */,
				D80BD1D416AE5E3D0066EA6A /* MapKit.framework in Frameworks */,
				D80BD1AE16AE5C710066EA6A /* UIKit.framework in Frameworks */,
				D80BD1B016AE5C710066EA6A /* Foundation.framework in Frameworks */,
				D80BD1B216AE5C710066EA6A /* CoreGraphics.framework in Frameworks */,
			);
			runOnlyForDeploymentPostprocessing = 0;
		};
/* End PBXFrameworksBuildPhase section */

/* Begin PBXGroup section */
		D80BD19E16AE5C710066EA6A = {
			isa = PBXGroup;
			children = (
				D80BD1B316AE5C710066EA6A /* FavoritePlaces */,
				D80BD1AC16AE5C710066EA6A /* Frameworks */,
				D80BD1AA16AE5C710066EA6A /* Products */,
			);
			sourceTree = "<group>";
		};
		D80BD1AA16AE5C710066EA6A /* Products */ = {
			isa = PBXGroup;
			children = (
				D80BD1A916AE5C710066EA6A /* FavoritePlaces.app */,
			);
			name = Products;
			sourceTree = "<group>";
		};
		D80BD1AC16AE5C710066EA6A /* Frameworks */ = {
			isa = PBXGroup;
			children = (
				D80BD1AD16AE5C710066EA6A /* UIKit.framework */,
				D80BD1AF16AE5C710066EA6A /* Foundation.framework */,
				D80BD1B116AE5C710066EA6A /* CoreGraphics.framework */,
				D80BD1D316AE5E3D0066EA6A /* MapKit.framework */,
				D80BD1E116B0E3A00066EA6A /* CoreLocation.framework */,
				D80BD1EA16B2D8F80066EA6A /* CoreData.framework */,
			);
			name = Frameworks;
			sourceTree = "<group>";
		};
		D80BD1B316AE5C710066EA6A /* FavoritePlaces */ = {
			isa = PBXGroup;
			children = (
				D80BD1BC16AE5C710066EA6A /* ICFAppDelegate.h */,
				D80BD1BD16AE5C710066EA6A /* ICFAppDelegate.m */,
				D80BD1C516AE5C710066EA6A /* MainStoryboard.storyboard */,
				D80BD1C816AE5C710066EA6A /* ICFMainViewController.h */,
				D80BD1C916AE5C710066EA6A /* ICFMainViewController.m */,
				D80BD21016B5C8700066EA6A /* ICFFavoritePlaceViewController.h */,
				D80BD21116B5C8700066EA6A /* ICFFavoritePlaceViewController.m */,
				D80BD1DE16B0E3690066EA6A /* ICFLocationManager.h */,
				D80BD1DF16B0E3690066EA6A /* ICFLocationManager.m */,
				D80BD1EC16B2DA010066EA6A /* FavoritePlaces.xcdatamodeld */,
				D8C33B6116D201E900A509D2 /* FavoritePlaces.sqlite */,
				D80BD1F216B2DEFB0066EA6A /* DMNS.gpx */,
				D80BD21316B630D30066EA6A /* Denver Art Museum.gpx */,
				D80BD1F316B43A020066EA6A /* ICFFavoritePlace.h */,
				D80BD1F416B43A020066EA6A /* ICFFavoritePlace.m */,
				D80BD1EF16B2DB1E0066EA6A /* ICFDataStarter.h */,
				D80BD1F016B2DB1E0066EA6A /* ICFDataStarter.m */,
				D80BD20316B49B660066EA6A /* Artwork */,
				D80BD1B416AE5C710066EA6A /* Supporting Files */,
			);
			path = FavoritePlaces;
			sourceTree = "<group>";
		};
		D80BD1B416AE5C710066EA6A /* Supporting Files */ = {
			isa = PBXGroup;
			children = (
				D80BD1B516AE5C710066EA6A /* FavoritePlaces-Info.plist */,
				D80BD1B616AE5C710066EA6A /* InfoPlist.strings */,
				D80BD1B916AE5C710066EA6A /* main.m */,
				D80BD1BB16AE5C710066EA6A /* FavoritePlaces-Prefix.pch */,
				D80BD1BF16AE5C710066EA6A /* Default.png */,
				D80BD1C116AE5C710066EA6A /* Default@2x.png */,
				D80BD1C316AE5C710066EA6A /* Default-568h@2x.png */,
			);
			name = "Supporting Files";
			sourceTree = "<group>";
		};
		D80BD20316B49B660066EA6A /* Artwork */ = {
			isa = PBXGroup;
			children = (
				D80BD20C16B584A30066EA6A /* annotation_view_arrow.png */,
				D80BD20D16B584A30066EA6A /* annotation_view_arrow@2x.png */,
				D80BD1FB16B49B590066EA6A /* annotation_view_star.png */,
				D80BD1FC16B49B5A0066EA6A /* annotation_view_star@2x.png */,
				D80BD1FD16B49B5A0066EA6A /* map_star.png */,
				D80BD1FE16B49B5B0066EA6A /* map_star@2x.png */,
				D80BD20816B5800C0066EA6A /* next_arrow.png */,
				D80BD20916B5800C0066EA6A /* next_arrow@2x.png */,
			);
			name = Artwork;
			sourceTree = "<group>";
		};
/* End PBXGroup section */

/* Begin PBXNativeTarget section */
		D80BD1A816AE5C710066EA6A /* FavoritePlaces */ = {
			isa = PBXNativeTarget;
			buildConfigurationList = D80BD1D016AE5C710066EA6A /* Build configuration list for PBXNativeTarget "FavoritePlaces" */;
			buildPhases = (
				D80BD1A516AE5C710066EA6A /* Sources */,
				D80BD1A616AE5C710066EA6A /* Frameworks */,
				D80BD1A716AE5C710066EA6A /* Resources */,
			);
			buildRules = (
			);
			dependencies = (
			);
			name = FavoritePlaces;
			productName = FavoritePlaces;
			productReference = D80BD1A916AE5C710066EA6A /* FavoritePlaces.app */;
			productType = "com.apple.product-type.application";
		};
/* End PBXNativeTarget section */

/* Begin PBXProject section */
		D80BD1A016AE5C710066EA6A /* Project object */ = {
			isa = PBXProject;
			attributes = {
				CLASSPREFIX = ICF;
				LastUpgradeCheck = 0450;
				ORGANIZATIONNAME = ICF;
			};
			buildConfigurationList = D80BD1A316AE5C710066EA6A /* Build configuration list for PBXProject "FavoritePlaces" */;
			compatibilityVersion = "Xcode 3.2";
			developmentRegion = English;
			hasScannedForEncodings = 0;
			knownRegions = (
				en,
			);
			mainGroup = D80BD19E16AE5C710066EA6A;
			productRefGroup = D80BD1AA16AE5C710066EA6A /* Products */;
			projectDirPath = "";
			projectRoot = "";
			targets = (
				D80BD1A816AE5C710066EA6A /* FavoritePlaces */,
			);
		};
/* End PBXProject section */

/* Begin PBXResourcesBuildPhase section */
		D80BD1A716AE5C710066EA6A /* Resources */ = {
			isa = PBXResourcesBuildPhase;
			buildActionMask = 2147483647;
			files = (
				D80BD1B816AE5C710066EA6A /* InfoPlist.strings in Resources */,
				D80BD1C016AE5C710066EA6A /* Default.png in Resources */,
				D80BD1C216AE5C710066EA6A /* Default@2x.png in Resources */,
				D80BD1C416AE5C710066EA6A /* Default-568h@2x.png in Resources */,
				D80BD1C716AE5C710066EA6A /* MainStoryboard.storyboard in Resources */,
				D80BD1FF16B49B5B0066EA6A /* annotation_view_star.png in Resources */,
				D80BD20016B49B5B0066EA6A /* annotation_view_star@2x.png in Resources */,
				D80BD20116B49B5B0066EA6A /* map_star.png in Resources */,
				D80BD20216B49B5B0066EA6A /* map_star@2x.png in Resources */,
				D80BD20A16B5800C0066EA6A /* next_arrow.png in Resources */,
				D80BD20B16B5800C0066EA6A /* next_arrow@2x.png in Resources */,
				D80BD20E16B584A30066EA6A /* annotation_view_arrow.png in Resources */,
				D80BD20F16B584A30066EA6A /* annotation_view_arrow@2x.png in Resources */,
				D8C33B6216D201EA00A509D2 /* FavoritePlaces.sqlite in Resources */,
			);
			runOnlyForDeploymentPostprocessing = 0;
		};
/* End PBXResourcesBuildPhase section */

/* Begin PBXSourcesBuildPhase section */
		D80BD1A516AE5C710066EA6A /* Sources */ = {
			isa = PBXSourcesBuildPhase;
			buildActionMask = 2147483647;
			files = (
				D80BD1BA16AE5C710066EA6A /* main.m in Sources */,
				D80BD1BE16AE5C710066EA6A /* ICFAppDelegate.m in Sources */,
				D80BD1CA16AE5C710066EA6A /* ICFMainViewController.m in Sources */,
				D80BD1E016B0E3690066EA6A /* ICFLocationManager.m in Sources */,
				D80BD1EE16B2DA010066EA6A /* FavoritePlaces.xcdatamodeld in Sources */,
				D80BD1F116B2DB1E0066EA6A /* ICFDataStarter.m in Sources */,
				D80BD1F516B43A030066EA6A /* ICFFavoritePlace.m in Sources */,
				D80BD21216B5C8710066EA6A /* ICFFavoritePlaceViewController.m in Sources */,
			);
			runOnlyForDeploymentPostprocessing = 0;
		};
/* End PBXSourcesBuildPhase section */

/* Begin PBXVariantGroup section */
		D80BD1B616AE5C710066EA6A /* InfoPlist.strings */ = {
			isa = PBXVariantGroup;
			children = (
				D80BD1B716AE5C710066EA6A /* en */,
			);
			name = InfoPlist.strings;
			sourceTree = "<group>";
		};
		D80BD1C516AE5C710066EA6A /* MainStoryboard.storyboard */ = {
			isa = PBXVariantGroup;
			children = (
				D80BD1C616AE5C710066EA6A /* en */,
			);
			name = MainStoryboard.storyboard;
			sourceTree = "<group>";
		};
/* End PBXVariantGroup section */

/* Begin XCBuildConfiguration section */
		D80BD1CE16AE5C710066EA6A /* Debug */ = {
			isa = XCBuildConfiguration;
			buildSettings = {
				ALWAYS_SEARCH_USER_PATHS = NO;
				CLANG_CXX_LANGUAGE_STANDARD = "gnu++0x";
				CLANG_CXX_LIBRARY = "libc++";
				CLANG_ENABLE_OBJC_ARC = YES;
				CLANG_WARN_EMPTY_BODY = YES;
				CLANG_WARN__DUPLICATE_METHOD_MATCH = YES;
				"CODE_SIGN_IDENTITY[sdk=iphoneos*]" = "iPhone Developer";
				COPY_PHASE_STRIP = NO;
				GCC_C_LANGUAGE_STANDARD = gnu99;
				GCC_DYNAMIC_NO_PIC = NO;
				GCC_OPTIMIZATION_LEVEL = 0;
				GCC_PREPROCESSOR_DEFINITIONS = (
					"DEBUG=1",
					"$(inherited)",
				);
				GCC_SYMBOLS_PRIVATE_EXTERN = NO;
				GCC_WARN_ABOUT_RETURN_TYPE = YES;
				GCC_WARN_UNINITIALIZED_AUTOS = YES;
				GCC_WARN_UNUSED_VARIABLE = YES;
				IPHONEOS_DEPLOYMENT_TARGET = 6.0;
				ONLY_ACTIVE_ARCH = YES;
				SDKROOT = iphoneos;
				TARGETED_DEVICE_FAMILY = 2;
			};
			name = Debug;
		};
		D80BD1CF16AE5C710066EA6A /* Release */ = {
			isa = XCBuildConfiguration;
			buildSettings = {
				ALWAYS_SEARCH_USER_PATHS = NO;
				CLANG_CXX_LANGUAGE_STANDARD = "gnu++0x";
				CLANG_CXX_LIBRARY = "libc++";
				CLANG_ENABLE_OBJC_ARC = YES;
				CLANG_WARN_EMPTY_BODY = YES;
				CLANG_WARN__DUPLICATE_METHOD_MATCH = YES;
				"CODE_SIGN_IDENTITY[sdk=iphoneos*]" = "iPhone Developer";
				COPY_PHASE_STRIP = YES;
				GCC_C_LANGUAGE_STANDARD = gnu99;
				GCC_WARN_ABOUT_RETURN_TYPE = YES;
				GCC_WARN_UNINITIALIZED_AUTOS = YES;
				GCC_WARN_UNUSED_VARIABLE = YES;
				IPHONEOS_DEPLOYMENT_TARGET = 6.0;
				OTHER_CFLAGS = "-DNS_BLOCK_ASSERTIONS=1";
				SDKROOT = iphoneos;
				TARGETED_DEVICE_FAMILY = 2;
				VALIDATE_PRODUCT = YES;
			};
			name = Release;
		};
		D80BD1D116AE5C710066EA6A /* Debug */ = {
			isa = XCBuildConfiguration;
			buildSettings = {
				GCC_PRECOMPILE_PREFIX_HEADER = YES;
				GCC_PREFIX_HEADER = "FavoritePlaces/FavoritePlaces-Prefix.pch";
				INFOPLIST_FILE = "FavoritePlaces/FavoritePlaces-Info.plist";
				PRODUCT_NAME = "$(TARGET_NAME)";
				WRAPPER_EXTENSION = app;
			};
			name = Debug;
		};
		D80BD1D216AE5C710066EA6A /* Release */ = {
			isa = XCBuildConfiguration;
			buildSettings = {
				GCC_PRECOMPILE_PREFIX_HEADER = YES;
				GCC_PREFIX_HEADER = "FavoritePlaces/FavoritePlaces-Prefix.pch";
				INFOPLIST_FILE = "FavoritePlaces/FavoritePlaces-Info.plist";
				PRODUCT_NAME = "$(TARGET_NAME)";
				WRAPPER_EXTENSION = app;
			};
			name = Release;
		};
/* End XCBuildConfiguration section */

/* Begin XCConfigurationList section */
		D80BD1A316AE5C710066EA6A /* Build configuration list for PBXProject "FavoritePlaces" */ = {
			isa = XCConfigurationList;
			buildConfigurations = (
				D80BD1CE16AE5C710066EA6A /* Debug */,
				D80BD1CF16AE5C710066EA6A /* Release */,
			);
			defaultConfigurationIsVisible = 0;
			defaultConfigurationName = Release;
		};
		D80BD1D016AE5C710066EA6A /* Build configuration list for PBXNativeTarget "FavoritePlaces" */ = {
			isa = XCConfigurationList;
			buildConfigurations = (
				D80BD1D116AE5C710066EA6A /* Debug */,
				D80BD1D216AE5C710066EA6A /* Release */,
			);
			defaultConfigurationIsVisible = 0;
			defaultConfigurationName = Release;
		};
/* End XCConfigurationList section */

/* Begin XCVersionGroup section */
		D80BD1EC16B2DA010066EA6A /* FavoritePlaces.xcdatamodeld */ = {
			isa = XCVersionGroup;
			children = (
				D80BD1ED16B2DA010066EA6A /* FavoritePlaces.xcdatamodel */,
			);
			currentVersion = D80BD1ED16B2DA010066EA6A /* FavoritePlaces.xcdatamodel */;
			path = FavoritePlaces.xcdatamodeld;
			sourceTree = "<group>";
			versionGroupType = wrapper.xcdatamodel;
		};
/* End XCVersionGroup section */
	};
	rootObject = D80BD1A016AE5C710066EA6A /* Project object */;
}
