// !$*UTF8*$!
{
	archiveVersion = 1;
	classes = {
	};
	objectVersion = 46;
	objects = {

/* Begin PBXBuildFile section */
		D80BD13D167E1CB50066EA6A /* ICFFilterCategoriesViewController.m in Sources */ = {isa = PBXBuildFile; fileRef = D80BD13C167E1CB50066EA6A /* ICFFilterCategoriesViewController.m */; };
		D80BD149167E32590066EA6A /* ICFFiltersViewController.m in Sources */ = {isa = PBXBuildFile; fileRef = D80BD148167E32590066EA6A /* ICFFiltersViewController.m */; };
		D80BD154168565C60066EA6A /* ICFFilterViewController.m in Sources */ = {isa = PBXBuildFile; fileRef = D80BD153168565C60066EA6A /* ICFFilterViewController.m */; };
		D80BD157168D40240066EA6A /* ICFInputImageTableCell.m in Sources */ = {isa = PBXBuildFile; fileRef = D80BD156168D40240066EA6A /* ICFInputImageTableCell.m */; };
		D80BD15A168D40970066EA6A /* ICFInputColorTableCell.m in Sources */ = {isa = PBXBuildFile; fileRef = D80BD159168D40970066EA6A /* ICFInputColorTableCell.m */; };
		D80BD15D168D41E80066EA6A /* ICFInputNumberTableCell.m in Sources */ = {isa = PBXBuildFile; fileRef = D80BD15C168D41E80066EA6A /* ICFInputNumberTableCell.m */; };
		D80BD160168D42460066EA6A /* ICFInputVectorTableCell.m in Sources */ = {isa = PBXBuildFile; fileRef = D80BD15F168D42450066EA6A /* ICFInputVectorTableCell.m */; };
		D80BD163168D450C0066EA6A /* ICFInputTransformTableCell.m in Sources */ = {isa = PBXBuildFile; fileRef = D80BD162168D450C0066EA6A /* ICFInputTransformTableCell.m */; };
		D80BD167168D5C930066EA6A /* ICFInputInfoCell.m in Sources */ = {isa = PBXBuildFile; fileRef = D80BD166168D5C930066EA6A /* ICFInputInfoCell.m */; };
		D80BD19516A21BE50066EA6A /* MobileCoreServices.framework in Frameworks */ = {isa = PBXBuildFile; fileRef = D80BD19416A21BE50066EA6A /* MobileCoreServices.framework */; };
		D80BD19B16AAFF040066EA6A /* UIImage+Scaling.m in Sources */ = {isa = PBXBuildFile; fileRef = D80BD19A16AAFF030066EA6A /* UIImage+Scaling.m */; };
		D80BD19D16AB10340066EA6A /* AssetsLibrary.framework in Frameworks */ = {isa = PBXBuildFile; fileRef = D80BD19C16AB10340066EA6A /* AssetsLibrary.framework */; };
		D8C33B3216C5565D00A509D2 /* GLKit.framework in Frameworks */ = {isa = PBXBuildFile; fileRef = D8C33B3116C5565D00A509D2 /* GLKit.framework */; };
		D8C33B3416C5566900A509D2 /* OpenGLES.framework in Frameworks */ = {isa = PBXBuildFile; fileRef = D8C33B3316C5566900A509D2 /* OpenGLES.framework */; };
		D8C33B4216C6C17E00A509D2 /* ch_20_stretch_button.png in Resources */ = {isa = PBXBuildFile; fileRef = D8C33B4116C6C17E00A509D2 /* ch_20_stretch_button.png */; };
		D8C33B4616C6C8E400A509D2 /* Content Mode Example.png in Resources */ = {isa = PBXBuildFile; fileRef = D8C33B4516C6C8E400A509D2 /* Content Mode Example.png */; };
		D8C33B4816C6F2DC00A509D2 /* Westcliffe.JPG in Resources */ = {isa = PBXBuildFile; fileRef = D8C33B4716C6F2DB00A509D2 /* Westcliffe.JPG */; };
		D8CCC2891645BD0A005B7D3E /* UIKit.framework in Frameworks */ = {isa = PBXBuildFile; fileRef = D8CCC2881645BD0A005B7D3E /* UIKit.framework */; };
		D8CCC28B1645BD0A005B7D3E /* Foundation.framework in Frameworks */ = {isa = PBXBuildFile; fileRef = D8CCC28A1645BD0A005B7D3E /* Foundation.framework */; };
		D8CCC28D1645BD0A005B7D3E /* CoreGraphics.framework in Frameworks */ = {isa = PBXBuildFile; fileRef = D8CCC28C1645BD0A005B7D3E /* CoreGraphics.framework */; };
		D8CCC2931645BD0A005B7D3E /* InfoPlist.strings in Resources */ = {isa = PBXBuildFile; fileRef = D8CCC2911645BD0A005B7D3E /* InfoPlist.strings */; };
		D8CCC2951645BD0A005B7D3E /* main.m in Sources */ = {isa = PBXBuildFile; fileRef = D8CCC2941645BD0A005B7D3E /* main.m */; };
		D8CCC2991645BD0A005B7D3E /* ICFAppDelegate.m in Sources */ = {isa = PBXBuildFile; fileRef = D8CCC2981645BD0A005B7D3E /* ICFAppDelegate.m */; };
		D8CCC29B1645BD0A005B7D3E /* Default.png in Resources */ = {isa = PBXBuildFile; fileRef = D8CCC29A1645BD0A005B7D3E /* Default.png */; };
		D8CCC29D1645BD0A005B7D3E /* Default@2x.png in Resources */ = {isa = PBXBuildFile; fileRef = D8CCC29C1645BD0A005B7D3E /* Default@2x.png */; };
		D8CCC29F1645BD0A005B7D3E /* Default-568h@2x.png in Resources */ = {isa = PBXBuildFile; fileRef = D8CCC29E1645BD0A005B7D3E /* Default-568h@2x.png */; };
		D8CCC2A21645BD0A005B7D3E /* MainStoryboard.storyboard in Resources */ = {isa = PBXBuildFile; fileRef = D8CCC2A01645BD0A005B7D3E /* MainStoryboard.storyboard */; };
		D8CCC2A51645BD0A005B7D3E /* ICFViewController.m in Sources */ = {isa = PBXBuildFile; fileRef = D8CCC2A41645BD0A005B7D3E /* ICFViewController.m */; };
		D8CCC2C6164F1AA0005B7D3E /* CoreImage.framework in Frameworks */ = {isa = PBXBuildFile; fileRef = D8CCC2C5164F1AA0005B7D3E /* CoreImage.framework */; };
		D8CCC33B1662E4EF005B7D3E /* IMG_0653.JPG in Resources */ = {isa = PBXBuildFile; fileRef = D8CCC33A1662E4EF005B7D3E /* IMG_0653.JPG */; };
/* End PBXBuildFile section */

/* Begin PBXFileReference section */
		D80BD13B167E1CB50066EA6A /* ICFFilterCategoriesViewController.h */ = {isa = PBXFileReference; fileEncoding = 4; lastKnownFileType = sourcecode.c.h; path = ICFFilterCategoriesViewController.h; sourceTree = "<group>"; };
		D80BD13C167E1CB50066EA6A /* ICFFilterCategoriesViewController.m */ = {isa = PBXFileReference; fileEncoding = 4; lastKnownFileType = sourcecode.c.objc; path = ICFFilterCategoriesViewController.m; sourceTree = "<group>"; };
		D80BD147167E32590066EA6A /* ICFFiltersViewController.h */ = {isa = PBXFileReference; fileEncoding = 4; lastKnownFileType = sourcecode.c.h; path = ICFFiltersViewController.h; sourceTree = "<group>"; };
		D80BD148167E32590066EA6A /* ICFFiltersViewController.m */ = {isa = PBXFileReference; fileEncoding = 4; lastKnownFileType = sourcecode.c.objc; path = ICFFiltersViewController.m; sourceTree = "<group>"; };
		D80BD152168565C60066EA6A /* ICFFilterViewController.h */ = {isa = PBXFileReference; fileEncoding = 4; lastKnownFileType = sourcecode.c.h; path = ICFFilterViewController.h; sourceTree = "<group>"; };
		D80BD153168565C60066EA6A /* ICFFilterViewController.m */ = {isa = PBXFileReference; fileEncoding = 4; lastKnownFileType = sourcecode.c.objc; path = ICFFilterViewController.m; sourceTree = "<group>"; };
		D80BD155168D40240066EA6A /* ICFInputImageTableCell.h */ = {isa = PBXFileReference; fileEncoding = 4; lastKnownFileType = sourcecode.c.h; path = ICFInputImageTableCell.h; sourceTree = "<group>"; };
		D80BD156168D40240066EA6A /* ICFInputImageTableCell.m */ = {isa = PBXFileReference; fileEncoding = 4; lastKnownFileType = sourcecode.c.objc; path = ICFInputImageTableCell.m; sourceTree = "<group>"; };
		D80BD158168D40970066EA6A /* ICFInputColorTableCell.h */ = {isa = PBXFileReference; fileEncoding = 4; lastKnownFileType = sourcecode.c.h; path = ICFInputColorTableCell.h; sourceTree = "<group>"; };
		D80BD159168D40970066EA6A /* ICFInputColorTableCell.m */ = {isa = PBXFileReference; fileEncoding = 4; lastKnownFileType = sourcecode.c.objc; path = ICFInputColorTableCell.m; sourceTree = "<group>"; };
		D80BD15B168D41E80066EA6A /* ICFInputNumberTableCell.h */ = {isa = PBXFileReference; fileEncoding = 4; lastKnownFileType = sourcecode.c.h; path = ICFInputNumberTableCell.h; sourceTree = "<group>"; };
		D80BD15C168D41E80066EA6A /* ICFInputNumberTableCell.m */ = {isa = PBXFileReference; fileEncoding = 4; lastKnownFileType = sourcecode.c.objc; path = ICFInputNumberTableCell.m; sourceTree = "<group>"; };
		D80BD15E168D42450066EA6A /* ICFInputVectorTableCell.h */ = {isa = PBXFileReference; fileEncoding = 4; lastKnownFileType = sourcecode.c.h; path = ICFInputVectorTableCell.h; sourceTree = "<group>"; };
		D80BD15F168D42450066EA6A /* ICFInputVectorTableCell.m */ = {isa = PBXFileReference; fileEncoding = 4; lastKnownFileType = sourcecode.c.objc; path = ICFInputVectorTableCell.m; sourceTree = "<group>"; };
		D80BD161168D450C0066EA6A /* ICFInputTransformTableCell.h */ = {isa = PBXFileReference; fileEncoding = 4; lastKnownFileType = sourcecode.c.h; path = ICFInputTransformTableCell.h; sourceTree = "<group>"; };
		D80BD162168D450C0066EA6A /* ICFInputTransformTableCell.m */ = {isa = PBXFileReference; fileEncoding = 4; lastKnownFileType = sourcecode.c.objc; path = ICFInputTransformTableCell.m; sourceTree = "<group>"; };
		D80BD165168D5C930066EA6A /* ICFInputInfoCell.h */ = {isa = PBXFileReference; fileEncoding = 4; lastKnownFileType = sourcecode.c.h; path = ICFInputInfoCell.h; sourceTree = "<group>"; };
		D80BD166168D5C930066EA6A /* ICFInputInfoCell.m */ = {isa = PBXFileReference; fileEncoding = 4; lastKnownFileType = sourcecode.c.objc; path = ICFInputInfoCell.m; sourceTree = "<group>"; };
		D80BD19416A21BE50066EA6A /* MobileCoreServices.framework */ = {isa = PBXFileReference; lastKnownFileType = wrapper.framework; name = MobileCoreServices.framework; path = System/Library/Frameworks/MobileCoreServices.framework; sourceTree = SDKROOT; };
		D80BD19916AAFF030066EA6A /* UIImage+Scaling.h */ = {isa = PBXFileReference; fileEncoding = 4; lastKnownFileType = sourcecode.c.h; path = "UIImage+Scaling.h"; sourceTree = "<group>"; };
		D80BD19A16AAFF030066EA6A /* UIImage+Scaling.m */ = {isa = PBXFileReference; fileEncoding = 4; lastKnownFileType = sourcecode.c.objc; path = "UIImage+Scaling.m"; sourceTree = "<group>"; };
		D80BD19C16AB10340066EA6A /* AssetsLibrary.framework */ = {isa = PBXFileReference; lastKnownFileType = wrapper.framework; name = AssetsLibrary.framework; path = System/Library/Frameworks/AssetsLibrary.framework; sourceTree = SDKROOT; };
		D8C33B3116C5565D00A509D2 /* GLKit.framework */ = {isa = PBXFileReference; lastKnownFileType = wrapper.framework; name = GLKit.framework; path = System/Library/Frameworks/GLKit.framework; sourceTree = SDKROOT; };
		D8C33B3316C5566900A509D2 /* OpenGLES.framework */ = {isa = PBXFileReference; lastKnownFileType = wrapper.framework; name = OpenGLES.framework; path = System/Library/Frameworks/OpenGLES.framework; sourceTree = SDKROOT; };
		D8C33B4116C6C17E00A509D2 /* ch_20_stretch_button.png */ = {isa = PBXFileReference; lastKnownFileType = image.png; path = ch_20_stretch_button.png; sourceTree = "<group>"; };
		D8C33B4516C6C8E400A509D2 /* Content Mode Example.png */ = {isa = PBXFileReference; lastKnownFileType = image.png; path = "Content Mode Example.png"; sourceTree = "<group>"; };
		D8C33B4716C6F2DB00A509D2 /* Westcliffe.JPG */ = {isa = PBXFileReference; lastKnownFileType = image.jpeg; path = Westcliffe.JPG; sourceTree = "<group>"; };
		D8CCC2841645BD0A005B7D3E /* ImagePlayground.app */ = {isa = PBXFileReference; explicitFileType = wrapper.application; includeInIndex = 0; path = ImagePlayground.app; sourceTree = BUILT_PRODUCTS_DIR; };
		D8CCC2881645BD0A005B7D3E /* UIKit.framework */ = {isa = PBXFileReference; lastKnownFileType = wrapper.framework; name = UIKit.framework; path = System/Library/Frameworks/UIKit.framework; sourceTree = SDKROOT; };
		D8CCC28A1645BD0A005B7D3E /* Foundation.framework */ = {isa = PBXFileReference; lastKnownFileType = wrapper.framework; name = Foundation.framework; path = System/Library/Frameworks/Foundation.framework; sourceTree = SDKROOT; };
		D8CCC28C1645BD0A005B7D3E /* CoreGraphics.framework */ = {isa = PBXFileReference; lastKnownFileType = wrapper.framework; name = CoreGraphics.framework; path = System/Library/Frameworks/CoreGraphics.framework; sourceTree = SDKROOT; };
		D8CCC2901645BD0A005B7D3E /* ImagePlayground-Info.plist */ = {isa = PBXFileReference; lastKnownFileType = text.plist.xml; path = "ImagePlayground-Info.plist"; sourceTree = "<group>"; };
		D8CCC2921645BD0A005B7D3E /* en */ = {isa = PBXFileReference; lastKnownFileType = text.plist.strings; name = en; path = en.lproj/InfoPlist.strings; sourceTree = "<group>"; };
		D8CCC2941645BD0A005B7D3E /* main.m */ = {isa = PBXFileReference; lastKnownFileType = sourcecode.c.objc; path = main.m; sourceTree = "<group>"; };
		D8CCC2961645BD0A005B7D3E /* ImagePlayground-Prefix.pch */ = {isa = PBXFileReference; lastKnownFileType = sourcecode.c.h; path = "ImagePlayground-Prefix.pch"; sourceTree = "<group>"; };
		D8CCC2971645BD0A005B7D3E /* ICFAppDelegate.h */ = {isa = PBXFileReference; lastKnownFileType = sourcecode.c.h; path = ICFAppDelegate.h; sourceTree = "<group>"; };
		D8CCC2981645BD0A005B7D3E /* ICFAppDelegate.m */ = {isa = PBXFileReference; lastKnownFileType = sourcecode.c.objc; path = ICFAppDelegate.m; sourceTree = "<group>"; };
		D8CCC29A1645BD0A005B7D3E /* Default.png */ = {isa = PBXFileReference; lastKnownFileType = image.png; path = Default.png; sourceTree = "<group>"; };
		D8CCC29C1645BD0A005B7D3E /* Default@2x.png */ = {isa = PBXFileReference; lastKnownFileType = image.png; path = "Default@2x.png"; sourceTree = "<group>"; };
		D8CCC29E1645BD0A005B7D3E /* Default-568h@2x.png */ = {isa = PBXFileReference; lastKnownFileType = image.png; path = "Default-568h@2x.png"; sourceTree = "<group>"; };
		D8CCC2A11645BD0A005B7D3E /* en */ = {isa = PBXFileReference; lastKnownFileType = file.storyboard; name = en; path = en.lproj/MainStoryboard.storyboard; sourceTree = "<group>"; };
		D8CCC2A31645BD0A005B7D3E /* ICFViewController.h */ = {isa = PBXFileReference; lastKnownFileType = sourcecode.c.h; path = ICFViewController.h; sourceTree = "<group>"; };
		D8CCC2A41645BD0A005B7D3E /* ICFViewController.m */ = {isa = PBXFileReference; lastKnownFileType = sourcecode.c.objc; path = ICFViewController.m; sourceTree = "<group>"; };
		D8CCC2C5164F1AA0005B7D3E /* CoreImage.framework */ = {isa = PBXFileReference; lastKnownFileType = wrapper.framework; name = CoreImage.framework; path = System/Library/Frameworks/CoreImage.framework; sourceTree = SDKROOT; };
		D8CCC33A1662E4EF005B7D3E /* IMG_0653.JPG */ = {isa = PBXFileReference; lastKnownFileType = image.jpeg; path = IMG_0653.JPG; sourceTree = "<group>"; };
/* End PBXFileReference section */

/* Begin PBXFrameworksBuildPhase section */
		D8CCC2811645BD0A005B7D3E /* Frameworks */ = {
			isa = PBXFrameworksBuildPhase;
			buildActionMask = 2147483647;
			files = (
				D8C33B3416C5566900A509D2 /* OpenGLES.framework in Frameworks */,
				D8C33B3216C5565D00A509D2 /* GLKit.framework in Frameworks */,
				D80BD19D16AB10340066EA6A /* AssetsLibrary.framework in Frameworks */,
				D80BD19516A21BE50066EA6A /* MobileCoreServices.framework in Frameworks */,
				D8CCC2C6164F1AA0005B7D3E /* CoreImage.framework in Frameworks */,
				D8CCC2891645BD0A005B7D3E /* UIKit.framework in Frameworks */,
				D8CCC28B1645BD0A005B7D3E /* Foundation.framework in Frameworks */,
				D8CCC28D1645BD0A005B7D3E /* CoreGraphics.framework in Frameworks */,
			);
			runOnlyForDeploymentPostprocessing = 0;
		};
/* End PBXFrameworksBuildPhase section */

/* Begin PBXGroup section */
		D80BD164168D45C10066EA6A /* Filter Table Cells */ = {
			isa = PBXGroup;
			children = (
				D80BD165168D5C930066EA6A /* ICFInputInfoCell.h */,
				D80BD166168D5C930066EA6A /* ICFInputInfoCell.m */,
				D80BD155168D40240066EA6A /* ICFInputImageTableCell.h */,
				D80BD156168D40240066EA6A /* ICFInputImageTableCell.m */,
				D80BD158168D40970066EA6A /* ICFInputColorTableCell.h */,
				D80BD159168D40970066EA6A /* ICFInputColorTableCell.m */,
				D80BD15B168D41E80066EA6A /* ICFInputNumberTableCell.h */,
				D80BD15C168D41E80066EA6A /* ICFInputNumberTableCell.m */,
				D80BD15E168D42450066EA6A /* ICFInputVectorTableCell.h */,
				D80BD15F168D42450066EA6A /* ICFInputVectorTableCell.m */,
				D80BD161168D450C0066EA6A /* ICFInputTransformTableCell.h */,
				D80BD162168D450C0066EA6A /* ICFInputTransformTableCell.m */,
			);
			name = "Filter Table Cells";
			sourceTree = "<group>";
		};
		D8CCC2791645BD0A005B7D3E = {
			isa = PBXGroup;
			children = (
				D8CCC28E1645BD0A005B7D3E /* ImagePlayground */,
				D8CCC2871645BD0A005B7D3E /* Frameworks */,
				D8CCC2851645BD0A005B7D3E /* Products */,
			);
			sourceTree = "<group>";
		};
		D8CCC2851645BD0A005B7D3E /* Products */ = {
			isa = PBXGroup;
			children = (
				D8CCC2841645BD0A005B7D3E /* ImagePlayground.app */,
			);
			name = Products;
			sourceTree = "<group>";
		};
		D8CCC2871645BD0A005B7D3E /* Frameworks */ = {
			isa = PBXGroup;
			children = (
				D8CCC2881645BD0A005B7D3E /* UIKit.framework */,
				D8CCC28A1645BD0A005B7D3E /* Foundation.framework */,
				D8CCC28C1645BD0A005B7D3E /* CoreGraphics.framework */,
				D80BD19416A21BE50066EA6A /* MobileCoreServices.framework */,
				D8CCC2C5164F1AA0005B7D3E /* CoreImage.framework */,
				D80BD19C16AB10340066EA6A /* AssetsLibrary.framework */,
				D8C33B3116C5565D00A509D2 /* GLKit.framework */,
				D8C33B3316C5566900A509D2 /* OpenGLES.framework */,
			);
			name = Frameworks;
			sourceTree = "<group>";
		};
		D8CCC28E1645BD0A005B7D3E /* ImagePlayground */ = {
			isa = PBXGroup;
			children = (
				D8CCC2971645BD0A005B7D3E /* ICFAppDelegate.h */,
				D8CCC2981645BD0A005B7D3E /* ICFAppDelegate.m */,
				D8CCC2A01645BD0A005B7D3E /* MainStoryboard.storyboard */,
				D8CCC2A31645BD0A005B7D3E /* ICFViewController.h */,
				D8CCC2A41645BD0A005B7D3E /* ICFViewController.m */,
				D8CCC33A1662E4EF005B7D3E /* IMG_0653.JPG */,
				D8C33B4716C6F2DB00A509D2 /* Westcliffe.JPG */,
				D8C33B4116C6C17E00A509D2 /* ch_20_stretch_button.png */,
				D8C33B4516C6C8E400A509D2 /* Content Mode Example.png */,
				D8CCC28F1645BD0A005B7D3E /* Supporting Files */,
				D80BD13B167E1CB50066EA6A /* ICFFilterCategoriesViewController.h */,
				D80BD13C167E1CB50066EA6A /* ICFFilterCategoriesViewController.m */,
				D80BD147167E32590066EA6A /* ICFFiltersViewController.h */,
				D80BD148167E32590066EA6A /* ICFFiltersViewController.m */,
				D80BD152168565C60066EA6A /* ICFFilterViewController.h */,
				D80BD153168565C60066EA6A /* ICFFilterViewController.m */,
				D80BD164168D45C10066EA6A /* Filter Table Cells */,
				D80BD19916AAFF030066EA6A /* UIImage+Scaling.h */,
				D80BD19A16AAFF030066EA6A /* UIImage+Scaling.m */,
			);
			path = ImagePlayground;
			sourceTree = "<group>";
		};
		D8CCC28F1645BD0A005B7D3E /* Supporting Files */ = {
			isa = PBXGroup;
			children = (
				D8CCC2901645BD0A005B7D3E /* ImagePlayground-Info.plist */,
				D8CCC2911645BD0A005B7D3E /* InfoPlist.strings */,
				D8CCC2941645BD0A005B7D3E /* main.m */,
				D8CCC2961645BD0A005B7D3E /* ImagePlayground-Prefix.pch */,
				D8CCC29A1645BD0A005B7D3E /* Default.png */,
				D8CCC29C1645BD0A005B7D3E /* Default@2x.png */,
				D8CCC29E1645BD0A005B7D3E /* Default-568h@2x.png */,
			);
			name = "Supporting Files";
			sourceTree = "<group>";
		};
/* End PBXGroup section */

/* Begin PBXNativeTarget section */
		D8CCC2831645BD0A005B7D3E /* ImagePlayground */ = {
			isa = PBXNativeTarget;
			buildConfigurationList = D8CCC2A81645BD0A005B7D3E /* Build configuration list for PBXNativeTarget "ImagePlayground" */;
			buildPhases = (
				D8CCC2801645BD0A005B7D3E /* Sources */,
				D8CCC2811645BD0A005B7D3E /* Frameworks */,
				D8CCC2821645BD0A005B7D3E /* Resources */,
			);
			buildRules = (
			);
			dependencies = (
			);
			name = ImagePlayground;
			productName = ImagePlayground;
			productReference = D8CCC2841645BD0A005B7D3E /* ImagePlayground.app */;
			productType = "com.apple.product-type.application";
		};
/* End PBXNativeTarget section */

/* Begin PBXProject section */
		D8CCC27B1645BD0A005B7D3E /* Project object */ = {
			isa = PBXProject;
			attributes = {
				CLASSPREFIX = ICF;
				LastUpgradeCheck = 0450;
				ORGANIZATIONNAME = "Joe Keeley";
			};
			buildConfigurationList = D8CCC27E1645BD0A005B7D3E /* Build configuration list for PBXProject "ImagePlayground" */;
			compatibilityVersion = "Xcode 3.2";
			developmentRegion = English;
			hasScannedForEncodings = 0;
			knownRegions = (
				en,
			);
			mainGroup = D8CCC2791645BD0A005B7D3E;
			productRefGroup = D8CCC2851645BD0A005B7D3E /* Products */;
			projectDirPath = "";
			projectRoot = "";
			targets = (
				D8CCC2831645BD0A005B7D3E /* ImagePlayground */,
			);
		};
/* End PBXProject section */

/* Begin PBXResourcesBuildPhase section */
		D8CCC2821645BD0A005B7D3E /* Resources */ = {
			isa = PBXResourcesBuildPhase;
			buildActionMask = 2147483647;
			files = (
				D8CCC2931645BD0A005B7D3E /* InfoPlist.strings in Resources */,
				D8CCC29B1645BD0A005B7D3E /* Default.png in Resources */,
				D8CCC29D1645BD0A005B7D3E /* Default@2x.png in Resources */,
				D8CCC29F1645BD0A005B7D3E /* Default-568h@2x.png in Resources */,
				D8CCC2A21645BD0A005B7D3E /* MainStoryboard.storyboard in Resources */,
				D8CCC33B1662E4EF005B7D3E /* IMG_0653.JPG in Resources */,
				D8C33B4216C6C17E00A509D2 /* ch_20_stretch_button.png in Resources */,
				D8C33B4616C6C8E400A509D2 /* Content Mode Example.png in Resources */,
				D8C33B4816C6F2DC00A509D2 /* Westcliffe.JPG in Resources */,
			);
			runOnlyForDeploymentPostprocessing = 0;
		};
/* End PBXResourcesBuildPhase section */

/* Begin PBXSourcesBuildPhase section */
		D8CCC2801645BD0A005B7D3E /* Sources */ = {
			isa = PBXSourcesBuildPhase;
			buildActionMask = 2147483647;
			files = (
				D8CCC2951645BD0A005B7D3E /* main.m in Sources */,
				D8CCC2991645BD0A005B7D3E /* ICFAppDelegate.m in Sources */,
				D8CCC2A51645BD0A005B7D3E /* ICFViewController.m in Sources */,
				D80BD13D167E1CB50066EA6A /* ICFFilterCategoriesViewController.m in Sources */,
				D80BD149167E32590066EA6A /* ICFFiltersViewController.m in Sources */,
				D80BD154168565C60066EA6A /* ICFFilterViewController.m in Sources */,
				D80BD157168D40240066EA6A /* ICFInputImageTableCell.m in Sources */,
				D80BD15A168D40970066EA6A /* ICFInputColorTableCell.m in Sources */,
				D80BD15D168D41E80066EA6A /* ICFInputNumberTableCell.m in Sources */,
				D80BD160168D42460066EA6A /* ICFInputVectorTableCell.m in Sources */,
				D80BD163168D450C0066EA6A /* ICFInputTransformTableCell.m in Sources */,
				D80BD167168D5C930066EA6A /* ICFInputInfoCell.m in Sources */,
				D80BD19B16AAFF040066EA6A /* UIImage+Scaling.m in Sources */,
			);
			runOnlyForDeploymentPostprocessing = 0;
		};
/* End PBXSourcesBuildPhase section */

/* Begin PBXVariantGroup section */
		D8CCC2911645BD0A005B7D3E /* InfoPlist.strings */ = {
			isa = PBXVariantGroup;
			children = (
				D8CCC2921645BD0A005B7D3E /* en */,
			);
			name = InfoPlist.strings;
			sourceTree = "<group>";
		};
		D8CCC2A01645BD0A005B7D3E /* MainStoryboard.storyboard */ = {
			isa = PBXVariantGroup;
			children = (
				D8CCC2A11645BD0A005B7D3E /* en */,
			);
			name = MainStoryboard.storyboard;
			sourceTree = "<group>";
		};
/* End PBXVariantGroup section */

/* Begin XCBuildConfiguration section */
		D8CCC2A61645BD0A005B7D3E /* Debug */ = {
			isa = XCBuildConfiguration;
			buildSettings = {
				ALWAYS_SEARCH_USER_PATHS = NO;
				CLANG_CXX_LANGUAGE_STANDARD = "gnu++0x";
				CLANG_CXX_LIBRARY = "libc++";
				CLANG_ENABLE_OBJC_ARC = YES;
				CLANG_WARN_EMPTY_BODY = YES;
				CLANG_WARN__DUPLICATE_METHOD_MATCH = YES;
				"CODE_SIGN_IDENTITY[sdk=iphoneos*]" = "iPhone Developer";
				COPY_PHASE_STRIP = NO;
				GCC_C_LANGUAGE_STANDARD = gnu99;
				GCC_DYNAMIC_NO_PIC = NO;
				GCC_OPTIMIZATION_LEVEL = 0;
				GCC_PREPROCESSOR_DEFINITIONS = (
					"DEBUG=1",
					"$(inherited)",
				);
				GCC_SYMBOLS_PRIVATE_EXTERN = NO;
				GCC_WARN_ABOUT_RETURN_TYPE = YES;
				GCC_WARN_UNINITIALIZED_AUTOS = YES;
				GCC_WARN_UNUSED_VARIABLE = YES;
				IPHONEOS_DEPLOYMENT_TARGET = 6.0;
				ONLY_ACTIVE_ARCH = YES;
				SDKROOT = iphoneos;
				TARGETED_DEVICE_FAMILY = 2;
			};
			name = Debug;
		};
		D8CCC2A71645BD0A005B7D3E /* Release */ = {
			isa = XCBuildConfiguration;
			buildSettings = {
				ALWAYS_SEARCH_USER_PATHS = NO;
				CLANG_CXX_LANGUAGE_STANDARD = "gnu++0x";
				CLANG_CXX_LIBRARY = "libc++";
				CLANG_ENABLE_OBJC_ARC = YES;
				CLANG_WARN_EMPTY_BODY = YES;
				CLANG_WARN__DUPLICATE_METHOD_MATCH = YES;
				"CODE_SIGN_IDENTITY[sdk=iphoneos*]" = "iPhone Developer";
				COPY_PHASE_STRIP = YES;
				GCC_C_LANGUAGE_STANDARD = gnu99;
				GCC_WARN_ABOUT_RETURN_TYPE = YES;
				GCC_WARN_UNINITIALIZED_AUTOS = YES;
				GCC_WARN_UNUSED_VARIABLE = YES;
				IPHONEOS_DEPLOYMENT_TARGET = 6.0;
				OTHER_CFLAGS = "-DNS_BLOCK_ASSERTIONS=1";
				SDKROOT = iphoneos;
				TARGETED_DEVICE_FAMILY = 2;
				VALIDATE_PRODUCT = YES;
			};
			name = Release;
		};
		D8CCC2A91645BD0A005B7D3E /* Debug */ = {
			isa = XCBuildConfiguration;
			buildSettings = {
				GCC_PRECOMPILE_PREFIX_HEADER = YES;
				GCC_PREFIX_HEADER = "ImagePlayground/ImagePlayground-Prefix.pch";
				INFOPLIST_FILE = "ImagePlayground/ImagePlayground-Info.plist";
				PRODUCT_NAME = "$(TARGET_NAME)";
				WRAPPER_EXTENSION = app;
			};
			name = Debug;
		};
		D8CCC2AA1645BD0A005B7D3E /* Release */ = {
			isa = XCBuildConfiguration;
			buildSettings = {
				GCC_PRECOMPILE_PREFIX_HEADER = YES;
				GCC_PREFIX_HEADER = "ImagePlayground/ImagePlayground-Prefix.pch";
				INFOPLIST_FILE = "ImagePlayground/ImagePlayground-Info.plist";
				PRODUCT_NAME = "$(TARGET_NAME)";
				WRAPPER_EXTENSION = app;
			};
			name = Release;
		};
/* End XCBuildConfiguration section */

/* Begin XCConfigurationList section */
		D8CCC27E1645BD0A005B7D3E /* Build configuration list for PBXProject "ImagePlayground" */ = {
			isa = XCConfigurationList;
			buildConfigurations = (
				D8CCC2A61645BD0A005B7D3E /* Debug */,
				D8CCC2A71645BD0A005B7D3E /* Release */,
			);
			defaultConfigurationIsVisible = 0;
			defaultConfigurationName = Release;
		};
		D8CCC2A81645BD0A005B7D3E /* Build configuration list for PBXNativeTarget "ImagePlayground" */ = {
			isa = XCConfigurationList;
			buildConfigurations = (
				D8CCC2A91645BD0A005B7D3E /* Debug */,
				D8CCC2AA1645BD0A005B7D3E /* Release */,
			);
			defaultConfigurationIsVisible = 0;
			defaultConfigurationName = Release;
		};
/* End XCConfigurationList section */
	};
	rootObject = D8CCC27B1645BD0A005B7D3E /* Project object */;
}
